// !$*UTF8*$!
{
	archiveVersion = 1;
	classes = {
	};
	objectVersion = 46;
	objects = {

/* Begin PBXBuildFile section */
		0C60795D405BEBCDA209696B /* libPods-harmonypay-staging.a in Frameworks */ = {isa = PBXBuildFile; fileRef = E7A586E9CD0FBBBF9FA52902 /* libPods-harmonypay-staging.a */; };
		13B07FBC1A68108700A75B9A /* AppDelegate.m in Sources */ = {isa = PBXBuildFile; fileRef = 13B07FB01A68108700A75B9A /* AppDelegate.m */; };
		13B07FBF1A68108700A75B9A /* Images.xcassets in Resources */ = {isa = PBXBuildFile; fileRef = 13B07FB51A68108700A75B9A /* Images.xcassets */; };
		13B07FC11A68108700A75B9A /* main.m in Sources */ = {isa = PBXBuildFile; fileRef = 13B07FB71A68108700A75B9A /* main.m */; };
		3613C562264E5F8B00E8897D /* GoogleService-Info.plist in Resources */ = {isa = PBXBuildFile; fileRef = 3613C560264E5F8A00E8897D /* GoogleService-Info.plist */; };
		363F6B2D264E59C200880288 /* AppDelegate.m in Sources */ = {isa = PBXBuildFile; fileRef = 13B07FB01A68108700A75B9A /* AppDelegate.m */; };
		363F6B2E264E59C200880288 /* File.swift in Sources */ = {isa = PBXBuildFile; fileRef = 36D5B5EA2641BD5B00973CC5 /* File.swift */; };
		363F6B2F264E59C200880288 /* main.m in Sources */ = {isa = PBXBuildFile; fileRef = 13B07FB71A68108700A75B9A /* main.m */; };
		363F6B35264E59C200880288 /* SFProDisplay-Semibold.ttf in Resources */ = {isa = PBXBuildFile; fileRef = 40D41AF424DC5042000A7E57 /* SFProDisplay-Semibold.ttf */; };
		363F6B36264E59C200880288 /* SFProDisplay-Medium.ttf in Resources */ = {isa = PBXBuildFile; fileRef = 40D41AF224DC5042000A7E57 /* SFProDisplay-Medium.ttf */; };
		363F6B37264E59C200880288 /* SFProDisplay-Regular.ttf in Resources */ = {isa = PBXBuildFile; fileRef = 40D41AF524DC5042000A7E57 /* SFProDisplay-Regular.ttf */; };
		363F6B38264E59C200880288 /* SFProDisplay-Bold.ttf in Resources */ = {isa = PBXBuildFile; fileRef = 40D41AF324DC5042000A7E57 /* SFProDisplay-Bold.ttf */; };
		363F6B39264E59C200880288 /* Images.xcassets in Resources */ = {isa = PBXBuildFile; fileRef = 13B07FB51A68108700A75B9A /* Images.xcassets */; };
		36D5B5EB2641BD5B00973CC5 /* File.swift in Sources */ = {isa = PBXBuildFile; fileRef = 36D5B5EA2641BD5B00973CC5 /* File.swift */; };
		36EDC8C4269701C600816A3D /* LaunchScreen.xib in Resources */ = {isa = PBXBuildFile; fileRef = 13B07FB11A68108700A75B9A /* LaunchScreen.xib */; };
		36EDC8C52697021400816A3D /* LaunchScreen.xib in Resources */ = {isa = PBXBuildFile; fileRef = 13B07FB11A68108700A75B9A /* LaunchScreen.xib */; };
		36F4D47E2641A86800A5BFBF /* GoogleService-Info.plist in Resources */ = {isa = PBXBuildFile; fileRef = 36F4D47D2641A86800A5BFBF /* GoogleService-Info.plist */; };
		40D41AF624DC5042000A7E57 /* SFProDisplay-Medium.ttf in Resources */ = {isa = PBXBuildFile; fileRef = 40D41AF224DC5042000A7E57 /* SFProDisplay-Medium.ttf */; };
		40D41AF724DC5042000A7E57 /* SFProDisplay-Bold.ttf in Resources */ = {isa = PBXBuildFile; fileRef = 40D41AF324DC5042000A7E57 /* SFProDisplay-Bold.ttf */; };
		40D41AF824DC5042000A7E57 /* SFProDisplay-Semibold.ttf in Resources */ = {isa = PBXBuildFile; fileRef = 40D41AF424DC5042000A7E57 /* SFProDisplay-Semibold.ttf */; };
		40D41AF924DC5042000A7E57 /* SFProDisplay-Regular.ttf in Resources */ = {isa = PBXBuildFile; fileRef = 40D41AF524DC5042000A7E57 /* SFProDisplay-Regular.ttf */; };
		A38E6ECB6616B0EBA96FE719 /* libPods-harmonypay.a in Frameworks */ = {isa = PBXBuildFile; fileRef = BE806788AD65F9BDB8AF88F3 /* libPods-harmonypay.a */; };
/* End PBXBuildFile section */

/* Begin PBXFileReference section */
		00E356F11AD99517003FC87E /* Info.plist */ = {isa = PBXFileReference; lastKnownFileType = text.plist.xml; path = Info.plist; sourceTree = "<group>"; };
		00E356F21AD99517003FC87E /* harmonypayTests.m */ = {isa = PBXFileReference; lastKnownFileType = sourcecode.c.objc; path = harmonypayTests.m; sourceTree = "<group>"; };
		079550AE9F71BFDA3978DE87 /* Pods-harmonypay.release.xcconfig */ = {isa = PBXFileReference; includeInIndex = 1; lastKnownFileType = text.xcconfig; name = "Pods-harmonypay.release.xcconfig"; path = "Target Support Files/Pods-harmonypay/Pods-harmonypay.release.xcconfig"; sourceTree = "<group>"; };
		0DB663523752446CA9409E67 /* Entypo.ttf */ = {isa = PBXFileReference; explicitFileType = undefined; fileEncoding = 9; includeInIndex = 0; lastKnownFileType = unknown; name = Entypo.ttf; path = "../node_modules/react-native-vector-icons/Fonts/Entypo.ttf"; sourceTree = "<group>"; };
		13B07F961A680F5B00A75B9A /* Harmony Pay.app */ = {isa = PBXFileReference; explicitFileType = wrapper.application; includeInIndex = 0; path = "Harmony Pay.app"; sourceTree = BUILT_PRODUCTS_DIR; };
		13B07FAF1A68108700A75B9A /* AppDelegate.h */ = {isa = PBXFileReference; fileEncoding = 4; lastKnownFileType = sourcecode.c.h; name = AppDelegate.h; path = harmonypay/AppDelegate.h; sourceTree = "<group>"; };
		13B07FB01A68108700A75B9A /* AppDelegate.m */ = {isa = PBXFileReference; fileEncoding = 4; lastKnownFileType = sourcecode.c.objc; name = AppDelegate.m; path = harmonypay/AppDelegate.m; sourceTree = "<group>"; };
		13B07FB21A68108700A75B9A /* Base */ = {isa = PBXFileReference; lastKnownFileType = file.xib; name = Base; path = Base.lproj/LaunchScreen.xib; sourceTree = "<group>"; };
		13B07FB51A68108700A75B9A /* Images.xcassets */ = {isa = PBXFileReference; lastKnownFileType = folder.assetcatalog; name = Images.xcassets; path = harmonypay/Images.xcassets; sourceTree = "<group>"; };
		13B07FB61A68108700A75B9A /* Info.plist */ = {isa = PBXFileReference; fileEncoding = 4; lastKnownFileType = text.plist.xml; name = Info.plist; path = harmonypay/Info.plist; sourceTree = "<group>"; };
		13B07FB71A68108700A75B9A /* main.m */ = {isa = PBXFileReference; fileEncoding = 4; lastKnownFileType = sourcecode.c.objc; name = main.m; path = harmonypay/main.m; sourceTree = "<group>"; };
		28F6B98C738841729CA6057A /* EvilIcons.ttf */ = {isa = PBXFileReference; explicitFileType = undefined; fileEncoding = 9; includeInIndex = 0; lastKnownFileType = unknown; name = EvilIcons.ttf; path = "../node_modules/react-native-vector-icons/Fonts/EvilIcons.ttf"; sourceTree = "<group>"; };
		2E9030BF19452B52B793C32E /* Pods-harmonypay-staging.release.xcconfig */ = {isa = PBXFileReference; includeInIndex = 1; lastKnownFileType = text.xcconfig; name = "Pods-harmonypay-staging.release.xcconfig"; path = "Target Support Files/Pods-harmonypay-staging/Pods-harmonypay-staging.release.xcconfig"; sourceTree = "<group>"; };
		3613C560264E5F8A00E8897D /* GoogleService-Info.plist */ = {isa = PBXFileReference; fileEncoding = 4; lastKnownFileType = text.plist.xml; path = "GoogleService-Info.plist"; sourceTree = "<group>"; };
		3613C561264E5F8A00E8897D /* Info.plist */ = {isa = PBXFileReference; fileEncoding = 4; lastKnownFileType = text.plist.xml; path = Info.plist; sourceTree = "<group>"; };
		363F6B42264E59C200880288 /* harmonypay-iPad.app */ = {isa = PBXFileReference; explicitFileType = wrapper.application; includeInIndex = 0; path = "harmonypay-iPad.app"; sourceTree = BUILT_PRODUCTS_DIR; };
		36D5B5E92641BD5B00973CC5 /* harmonypay-Bridging-Header.h */ = {isa = PBXFileReference; lastKnownFileType = sourcecode.c.h; path = "harmonypay-Bridging-Header.h"; sourceTree = "<group>"; };
		36D5B5EA2641BD5B00973CC5 /* File.swift */ = {isa = PBXFileReference; lastKnownFileType = sourcecode.swift; name = File.swift; path = harmonypay/File.swift; sourceTree = "<group>"; };
		36F4D47D2641A86800A5BFBF /* GoogleService-Info.plist */ = {isa = PBXFileReference; fileEncoding = 4; lastKnownFileType = text.plist.xml; path = "GoogleService-Info.plist"; sourceTree = "<group>"; };
		3D58C6B22519D9DC003AF54D /* HarmonyPay.entitlements */ = {isa = PBXFileReference; lastKnownFileType = text.plist.entitlements; name = HarmonyPay.entitlements; path = harmonypay/HarmonyPay.entitlements; sourceTree = "<group>"; };
		40D41AF224DC5042000A7E57 /* SFProDisplay-Medium.ttf */ = {isa = PBXFileReference; lastKnownFileType = file; name = "SFProDisplay-Medium.ttf"; path = "../src/assets/fonts/SFProDisplay-Medium.ttf"; sourceTree = "<group>"; };
		40D41AF324DC5042000A7E57 /* SFProDisplay-Bold.ttf */ = {isa = PBXFileReference; lastKnownFileType = file; name = "SFProDisplay-Bold.ttf"; path = "../src/assets/fonts/SFProDisplay-Bold.ttf"; sourceTree = "<group>"; };
		40D41AF424DC5042000A7E57 /* SFProDisplay-Semibold.ttf */ = {isa = PBXFileReference; lastKnownFileType = file; name = "SFProDisplay-Semibold.ttf"; path = "../src/assets/fonts/SFProDisplay-Semibold.ttf"; sourceTree = "<group>"; };
		40D41AF524DC5042000A7E57 /* SFProDisplay-Regular.ttf */ = {isa = PBXFileReference; lastKnownFileType = file; name = "SFProDisplay-Regular.ttf"; path = "../src/assets/fonts/SFProDisplay-Regular.ttf"; sourceTree = "<group>"; };
		434DF1E4DFA6408D90A512D2 /* FontAwesome5_Brands.ttf */ = {isa = PBXFileReference; explicitFileType = undefined; fileEncoding = 9; includeInIndex = 0; lastKnownFileType = unknown; name = FontAwesome5_Brands.ttf; path = "../node_modules/react-native-vector-icons/Fonts/FontAwesome5_Brands.ttf"; sourceTree = "<group>"; };
		55B2DC41C456FA9C4C7E5776 /* Pods-harmonypay.debug.xcconfig */ = {isa = PBXFileReference; includeInIndex = 1; lastKnownFileType = text.xcconfig; name = "Pods-harmonypay.debug.xcconfig"; path = "Target Support Files/Pods-harmonypay/Pods-harmonypay.debug.xcconfig"; sourceTree = "<group>"; };
		5F6A5B93B8C642C682F3F450 /* Fontisto.ttf */ = {isa = PBXFileReference; explicitFileType = undefined; fileEncoding = 9; includeInIndex = 0; lastKnownFileType = unknown; name = Fontisto.ttf; path = "../node_modules/react-native-vector-icons/Fonts/Fontisto.ttf"; sourceTree = "<group>"; };
		6758E75052614C0386108891 /* Ionicons.ttf */ = {isa = PBXFileReference; explicitFileType = undefined; fileEncoding = 9; includeInIndex = 0; lastKnownFileType = unknown; name = Ionicons.ttf; path = "../node_modules/react-native-vector-icons/Fonts/Ionicons.ttf"; sourceTree = "<group>"; };
		75FFAE3901F54C89B55FD3C1 /* AntDesign.ttf */ = {isa = PBXFileReference; explicitFileType = undefined; fileEncoding = 9; includeInIndex = 0; lastKnownFileType = unknown; name = AntDesign.ttf; path = "../node_modules/react-native-vector-icons/Fonts/AntDesign.ttf"; sourceTree = "<group>"; };
		9256E359CACA4F3EAD688E0A /* Foundation.ttf */ = {isa = PBXFileReference; explicitFileType = undefined; fileEncoding = 9; includeInIndex = 0; lastKnownFileType = unknown; name = Foundation.ttf; path = "../node_modules/react-native-vector-icons/Fonts/Foundation.ttf"; sourceTree = "<group>"; };
		A1CB0BF61DD649DE99969536 /* MaterialIcons.ttf */ = {isa = PBXFileReference; explicitFileType = undefined; fileEncoding = 9; includeInIndex = 0; lastKnownFileType = unknown; name = MaterialIcons.ttf; path = "../node_modules/react-native-vector-icons/Fonts/MaterialIcons.ttf"; sourceTree = "<group>"; };
		A9DBB3E124CF4D60AEA2F5A5 /* SimpleLineIcons.ttf */ = {isa = PBXFileReference; explicitFileType = undefined; fileEncoding = 9; includeInIndex = 0; lastKnownFileType = unknown; name = SimpleLineIcons.ttf; path = "../node_modules/react-native-vector-icons/Fonts/SimpleLineIcons.ttf"; sourceTree = "<group>"; };
		AD65EE8DECC54080909CC1E2 /* MaterialCommunityIcons.ttf */ = {isa = PBXFileReference; explicitFileType = undefined; fileEncoding = 9; includeInIndex = 0; lastKnownFileType = unknown; name = MaterialCommunityIcons.ttf; path = "../node_modules/react-native-vector-icons/Fonts/MaterialCommunityIcons.ttf"; sourceTree = "<group>"; };
		B9E2E54A503348169E0E2385 /* FontAwesome5_Regular.ttf */ = {isa = PBXFileReference; explicitFileType = undefined; fileEncoding = 9; includeInIndex = 0; lastKnownFileType = unknown; name = FontAwesome5_Regular.ttf; path = "../node_modules/react-native-vector-icons/Fonts/FontAwesome5_Regular.ttf"; sourceTree = "<group>"; };
		BE588D1C66A24097AED48965 /* Feather.ttf */ = {isa = PBXFileReference; explicitFileType = undefined; fileEncoding = 9; includeInIndex = 0; lastKnownFileType = unknown; name = Feather.ttf; path = "../node_modules/react-native-vector-icons/Fonts/Feather.ttf"; sourceTree = "<group>"; };
		BE806788AD65F9BDB8AF88F3 /* libPods-harmonypay.a */ = {isa = PBXFileReference; explicitFileType = archive.ar; includeInIndex = 0; path = "libPods-harmonypay.a"; sourceTree = BUILT_PRODUCTS_DIR; };
		BFE773945848DC4CF7F897B9 /* Pods-harmonypay-staging.debug.xcconfig */ = {isa = PBXFileReference; includeInIndex = 1; lastKnownFileType = text.xcconfig; name = "Pods-harmonypay-staging.debug.xcconfig"; path = "Target Support Files/Pods-harmonypay-staging/Pods-harmonypay-staging.debug.xcconfig"; sourceTree = "<group>"; };
		C303C6A9D22E49A789BAE887 /* Octicons.ttf */ = {isa = PBXFileReference; explicitFileType = undefined; fileEncoding = 9; includeInIndex = 0; lastKnownFileType = unknown; name = Octicons.ttf; path = "../node_modules/react-native-vector-icons/Fonts/Octicons.ttf"; sourceTree = "<group>"; };
		D2A79FF33FE14E448718FB5E /* Zocial.ttf */ = {isa = PBXFileReference; explicitFileType = undefined; fileEncoding = 9; includeInIndex = 0; lastKnownFileType = unknown; name = Zocial.ttf; path = "../node_modules/react-native-vector-icons/Fonts/Zocial.ttf"; sourceTree = "<group>"; };
		D99BA29008B341DB82219273 /* FontAwesome5_Solid.ttf */ = {isa = PBXFileReference; explicitFileType = undefined; fileEncoding = 9; includeInIndex = 0; lastKnownFileType = unknown; name = FontAwesome5_Solid.ttf; path = "../node_modules/react-native-vector-icons/Fonts/FontAwesome5_Solid.ttf"; sourceTree = "<group>"; };
		E1B1709009C9466E87384446 /* FontAwesome.ttf */ = {isa = PBXFileReference; explicitFileType = undefined; fileEncoding = 9; includeInIndex = 0; lastKnownFileType = unknown; name = FontAwesome.ttf; path = "../node_modules/react-native-vector-icons/Fonts/FontAwesome.ttf"; sourceTree = "<group>"; };
		E7A586E9CD0FBBBF9FA52902 /* libPods-harmonypay-staging.a */ = {isa = PBXFileReference; explicitFileType = archive.ar; includeInIndex = 0; path = "libPods-harmonypay-staging.a"; sourceTree = BUILT_PRODUCTS_DIR; };
		ED297162215061F000B7C4FE /* JavaScriptCore.framework */ = {isa = PBXFileReference; lastKnownFileType = wrapper.framework; name = JavaScriptCore.framework; path = System/Library/Frameworks/JavaScriptCore.framework; sourceTree = SDKROOT; };
		ED2971642150620600B7C4FE /* JavaScriptCore.framework */ = {isa = PBXFileReference; lastKnownFileType = wrapper.framework; name = JavaScriptCore.framework; path = Platforms/AppleTVOS.platform/Developer/SDKs/AppleTVOS12.0.sdk/System/Library/Frameworks/JavaScriptCore.framework; sourceTree = DEVELOPER_DIR; };
/* End PBXFileReference section */

/* Begin PBXFrameworksBuildPhase section */
		13B07F8C1A680F5B00A75B9A /* Frameworks */ = {
			isa = PBXFrameworksBuildPhase;
			buildActionMask = 2147483647;
			files = (
				A38E6ECB6616B0EBA96FE719 /* libPods-harmonypay.a in Frameworks */,
			);
			runOnlyForDeploymentPostprocessing = 0;
		};
		363F6B30264E59C200880288 /* Frameworks */ = {
			isa = PBXFrameworksBuildPhase;
			buildActionMask = 2147483647;
			files = (
				0C60795D405BEBCDA209696B /* libPods-harmonypay-staging.a in Frameworks */,
			);
			runOnlyForDeploymentPostprocessing = 0;
		};
/* End PBXFrameworksBuildPhase section */

/* Begin PBXGroup section */
		00E356EF1AD99517003FC87E /* harmonypayTests */ = {
			isa = PBXGroup;
			children = (
				00E356F21AD99517003FC87E /* harmonypayTests.m */,
				00E356F01AD99517003FC87E /* Supporting Files */,
			);
			path = harmonypayTests;
			sourceTree = "<group>";
		};
		00E356F01AD99517003FC87E /* Supporting Files */ = {
			isa = PBXGroup;
			children = (
				00E356F11AD99517003FC87E /* Info.plist */,
			);
			name = "Supporting Files";
			sourceTree = "<group>";
		};
		13B07FAE1A68108700A75B9A /* harmonypay */ = {
			isa = PBXGroup;
			children = (
				3613C55F264E5F8A00E8897D /* staging */,
				36D5B5EA2641BD5B00973CC5 /* File.swift */,
				36F4D47D2641A86800A5BFBF /* GoogleService-Info.plist */,
				3D58C6B22519D9DC003AF54D /* HarmonyPay.entitlements */,
				13B07FAF1A68108700A75B9A /* AppDelegate.h */,
				13B07FB01A68108700A75B9A /* AppDelegate.m */,
				13B07FB51A68108700A75B9A /* Images.xcassets */,
				13B07FB61A68108700A75B9A /* Info.plist */,
				13B07FB11A68108700A75B9A /* LaunchScreen.xib */,
				13B07FB71A68108700A75B9A /* main.m */,
			);
			name = harmonypay;
			sourceTree = "<group>";
		};
		2D16E6871FA4F8E400B85C8A /* Frameworks */ = {
			isa = PBXGroup;
			children = (
				ED297162215061F000B7C4FE /* JavaScriptCore.framework */,
				ED2971642150620600B7C4FE /* JavaScriptCore.framework */,
				BE806788AD65F9BDB8AF88F3 /* libPods-harmonypay.a */,
				E7A586E9CD0FBBBF9FA52902 /* libPods-harmonypay-staging.a */,
			);
			name = Frameworks;
			sourceTree = "<group>";
		};
		3613C55F264E5F8A00E8897D /* staging */ = {
			isa = PBXGroup;
			children = (
				3613C560264E5F8A00E8897D /* GoogleService-Info.plist */,
				3613C561264E5F8A00E8897D /* Info.plist */,
			);
			name = staging;
			path = harmonypay/staging;
			sourceTree = "<group>";
		};
		4195556C7872C05A5E444280 /* Pods */ = {
			isa = PBXGroup;
			children = (
				55B2DC41C456FA9C4C7E5776 /* Pods-harmonypay.debug.xcconfig */,
				079550AE9F71BFDA3978DE87 /* Pods-harmonypay.release.xcconfig */,
				BFE773945848DC4CF7F897B9 /* Pods-harmonypay-staging.debug.xcconfig */,
				2E9030BF19452B52B793C32E /* Pods-harmonypay-staging.release.xcconfig */,
			);
			path = Pods;
			sourceTree = "<group>";
		};
		7A955A0F42C0482981FAC6A6 /* Resources */ = {
			isa = PBXGroup;
			children = (
				40D41AF324DC5042000A7E57 /* SFProDisplay-Bold.ttf */,
				40D41AF224DC5042000A7E57 /* SFProDisplay-Medium.ttf */,
				40D41AF524DC5042000A7E57 /* SFProDisplay-Regular.ttf */,
				40D41AF424DC5042000A7E57 /* SFProDisplay-Semibold.ttf */,
				75FFAE3901F54C89B55FD3C1 /* AntDesign.ttf */,
				0DB663523752446CA9409E67 /* Entypo.ttf */,
				28F6B98C738841729CA6057A /* EvilIcons.ttf */,
				BE588D1C66A24097AED48965 /* Feather.ttf */,
				E1B1709009C9466E87384446 /* FontAwesome.ttf */,
				434DF1E4DFA6408D90A512D2 /* FontAwesome5_Brands.ttf */,
				B9E2E54A503348169E0E2385 /* FontAwesome5_Regular.ttf */,
				D99BA29008B341DB82219273 /* FontAwesome5_Solid.ttf */,
				5F6A5B93B8C642C682F3F450 /* Fontisto.ttf */,
				9256E359CACA4F3EAD688E0A /* Foundation.ttf */,
				6758E75052614C0386108891 /* Ionicons.ttf */,
				AD65EE8DECC54080909CC1E2 /* MaterialCommunityIcons.ttf */,
				A1CB0BF61DD649DE99969536 /* MaterialIcons.ttf */,
				C303C6A9D22E49A789BAE887 /* Octicons.ttf */,
				A9DBB3E124CF4D60AEA2F5A5 /* SimpleLineIcons.ttf */,
				D2A79FF33FE14E448718FB5E /* Zocial.ttf */,
			);
			name = Resources;
			sourceTree = "<group>";
		};
		832341AE1AAA6A7D00B99B32 /* Libraries */ = {
			isa = PBXGroup;
			children = (
			);
			name = Libraries;
			sourceTree = "<group>";
		};
		83CBB9F61A601CBA00E9B192 = {
			isa = PBXGroup;
			children = (
				13B07FAE1A68108700A75B9A /* harmonypay */,
				832341AE1AAA6A7D00B99B32 /* Libraries */,
				00E356EF1AD99517003FC87E /* harmonypayTests */,
				83CBBA001A601CBA00E9B192 /* Products */,
				2D16E6871FA4F8E400B85C8A /* Frameworks */,
				4195556C7872C05A5E444280 /* Pods */,
				7A955A0F42C0482981FAC6A6 /* Resources */,
				36D5B5E92641BD5B00973CC5 /* harmonypay-Bridging-Header.h */,
			);
			indentWidth = 2;
			sourceTree = "<group>";
			tabWidth = 2;
			usesTabs = 0;
		};
		83CBBA001A601CBA00E9B192 /* Products */ = {
			isa = PBXGroup;
			children = (
				13B07F961A680F5B00A75B9A /* Harmony Pay.app */,
				363F6B42264E59C200880288 /* harmonypay-iPad.app */,
			);
			name = Products;
			sourceTree = "<group>";
		};
/* End PBXGroup section */

/* Begin PBXNativeTarget section */
		13B07F861A680F5B00A75B9A /* harmonypay */ = {
			isa = PBXNativeTarget;
			buildConfigurationList = 13B07F931A680F5B00A75B9A /* Build configuration list for PBXNativeTarget "harmonypay" */;
			buildPhases = (
				DE8A180909E3C9568EDF16E5 /* [CP] Check Pods Manifest.lock */,
				FD10A7F022414F080027D42C /* Start Packager */,
				13B07F871A680F5B00A75B9A /* Sources */,
				13B07F8C1A680F5B00A75B9A /* Frameworks */,
				13B07F8E1A680F5B00A75B9A /* Resources */,
				00DD1BFF1BD5951E006B06BC /* Bundle React Native code and images */,
				A2D1FAA4D01F2C348E20DB0C /* [CP] Embed Pods Frameworks */,
				F1A72C332625BEB655BE12A4 /* [CP] Copy Pods Resources */,
			);
			buildRules = (
			);
			dependencies = (
			);
			name = harmonypay;
			productName = harmonypay;
			productReference = 13B07F961A680F5B00A75B9A /* Harmony Pay.app */;
			productType = "com.apple.product-type.application";
		};
		363F6B29264E59C200880288 /* staging */ = {
			isa = PBXNativeTarget;
			buildConfigurationList = 363F6B3E264E59C200880288 /* Build configuration list for PBXNativeTarget "staging" */;
			buildPhases = (
				C3E2B435A78C83DE219FAFE0 /* [CP] Check Pods Manifest.lock */,
				363F6B2B264E59C200880288 /* Start Packager */,
				363F6B2C264E59C200880288 /* Sources */,
				363F6B30264E59C200880288 /* Frameworks */,
				363F6B32264E59C200880288 /* Resources */,
				363F6B3B264E59C200880288 /* Bundle React Native code and images */,
				BE3E90A25D793FAEA1C8A13A /* [CP] Embed Pods Frameworks */,
				35B1B17FB098CE658A7E979D /* [CP] Copy Pods Resources */,
			);
			buildRules = (
			);
			dependencies = (
			);
			name = staging;
			productName = harmonypay;
			productReference = 363F6B42264E59C200880288 /* harmonypay-iPad.app */;
			productType = "com.apple.product-type.application";
		};
/* End PBXNativeTarget section */

/* Begin PBXProject section */
		83CBB9F71A601CBA00E9B192 /* Project object */ = {
			isa = PBXProject;
			attributes = {
				LastUpgradeCheck = 1130;
				TargetAttributes = {
					13B07F861A680F5B00A75B9A = {
						DevelopmentTeam = 69WQLJ9K8N;
						LastSwiftMigration = 1250;
						ProvisioningStyle = Automatic;
					};
					363F6B29264E59C200880288 = {
						ProvisioningStyle = Automatic;
					};
				};
			};
			buildConfigurationList = 83CBB9FA1A601CBA00E9B192 /* Build configuration list for PBXProject "Harmony Pay" */;
			compatibilityVersion = "Xcode 3.2";
			developmentRegion = en;
			hasScannedForEncodings = 0;
			knownRegions = (
				en,
				Base,
			);
			mainGroup = 83CBB9F61A601CBA00E9B192;
			productRefGroup = 83CBBA001A601CBA00E9B192 /* Products */;
			projectDirPath = "";
			projectRoot = "";
			targets = (
				13B07F861A680F5B00A75B9A /* harmonypay */,
				363F6B29264E59C200880288 /* staging */,
			);
		};
/* End PBXProject section */

/* Begin PBXResourcesBuildPhase section */
		13B07F8E1A680F5B00A75B9A /* Resources */ = {
			isa = PBXResourcesBuildPhase;
			buildActionMask = 2147483647;
			files = (
				36F4D47E2641A86800A5BFBF /* GoogleService-Info.plist in Resources */,
				40D41AF824DC5042000A7E57 /* SFProDisplay-Semibold.ttf in Resources */,
				40D41AF624DC5042000A7E57 /* SFProDisplay-Medium.ttf in Resources */,
				36EDC8C52697021400816A3D /* LaunchScreen.xib in Resources */,
				40D41AF924DC5042000A7E57 /* SFProDisplay-Regular.ttf in Resources */,
				40D41AF724DC5042000A7E57 /* SFProDisplay-Bold.ttf in Resources */,
				13B07FBF1A68108700A75B9A /* Images.xcassets in Resources */,
			);
			runOnlyForDeploymentPostprocessing = 0;
		};
		363F6B32264E59C200880288 /* Resources */ = {
			isa = PBXResourcesBuildPhase;
			buildActionMask = 2147483647;
			files = (
				36EDC8C4269701C600816A3D /* LaunchScreen.xib in Resources */,
				3613C562264E5F8B00E8897D /* GoogleService-Info.plist in Resources */,
				363F6B35264E59C200880288 /* SFProDisplay-Semibold.ttf in Resources */,
				363F6B36264E59C200880288 /* SFProDisplay-Medium.ttf in Resources */,
				363F6B37264E59C200880288 /* SFProDisplay-Regular.ttf in Resources */,
				363F6B38264E59C200880288 /* SFProDisplay-Bold.ttf in Resources */,
				363F6B39264E59C200880288 /* Images.xcassets in Resources */,
			);
			runOnlyForDeploymentPostprocessing = 0;
		};
/* End PBXResourcesBuildPhase section */

/* Begin PBXShellScriptBuildPhase section */
		00DD1BFF1BD5951E006B06BC /* Bundle React Native code and images */ = {
			isa = PBXShellScriptBuildPhase;
			buildActionMask = 2147483647;
			files = (
			);
			inputPaths = (
			);
			name = "Bundle React Native code and images";
			outputPaths = (
			);
			runOnlyForDeploymentPostprocessing = 0;
			shellPath = /bin/sh;
			shellScript = "export NODE_BINARY=node\n../node_modules/react-native/scripts/react-native-xcode.sh\n";
		};
		35B1B17FB098CE658A7E979D /* [CP] Copy Pods Resources */ = {
			isa = PBXShellScriptBuildPhase;
			buildActionMask = 2147483647;
			files = (
			);
			inputPaths = (
				"${PODS_ROOT}/Target Support Files/Pods-harmonypay-staging/Pods-harmonypay-staging-resources.sh",
				"${PODS_ROOT}/FBSDKCoreKit/FacebookSDKStrings.bundle",
				"${PODS_ROOT}/GoogleMaps/Maps/Frameworks/GoogleMaps.framework/Resources/GoogleMaps.bundle",
				"${PODS_ROOT}/GoogleSignIn/Resources/GoogleSignIn.bundle",
				"${PODS_ROOT}/HGTwitterKit/iOS/TwitterKit.framework/TwitterKitResources.bundle",
				"${PODS_ROOT}/../../node_modules/react-native-vector-icons/Fonts/AntDesign.ttf",
				"${PODS_ROOT}/../../node_modules/react-native-vector-icons/Fonts/Entypo.ttf",
				"${PODS_ROOT}/../../node_modules/react-native-vector-icons/Fonts/EvilIcons.ttf",
				"${PODS_ROOT}/../../node_modules/react-native-vector-icons/Fonts/Feather.ttf",
				"${PODS_ROOT}/../../node_modules/react-native-vector-icons/Fonts/FontAwesome.ttf",
				"${PODS_ROOT}/../../node_modules/react-native-vector-icons/Fonts/FontAwesome5_Brands.ttf",
				"${PODS_ROOT}/../../node_modules/react-native-vector-icons/Fonts/FontAwesome5_Regular.ttf",
				"${PODS_ROOT}/../../node_modules/react-native-vector-icons/Fonts/FontAwesome5_Solid.ttf",
				"${PODS_ROOT}/../../node_modules/react-native-vector-icons/Fonts/Fontisto.ttf",
				"${PODS_ROOT}/../../node_modules/react-native-vector-icons/Fonts/Foundation.ttf",
				"${PODS_ROOT}/../../node_modules/react-native-vector-icons/Fonts/Ionicons.ttf",
				"${PODS_ROOT}/../../node_modules/react-native-vector-icons/Fonts/MaterialCommunityIcons.ttf",
				"${PODS_ROOT}/../../node_modules/react-native-vector-icons/Fonts/MaterialIcons.ttf",
				"${PODS_ROOT}/../../node_modules/react-native-vector-icons/Fonts/Octicons.ttf",
				"${PODS_ROOT}/../../node_modules/react-native-vector-icons/Fonts/SimpleLineIcons.ttf",
				"${PODS_ROOT}/../../node_modules/react-native-vector-icons/Fonts/Zocial.ttf",
				"${PODS_CONFIGURATION_BUILD_DIR}/React-Core/AccessibilityResources.bundle",
			);
			name = "[CP] Copy Pods Resources";
			outputPaths = (
				"${TARGET_BUILD_DIR}/${UNLOCALIZED_RESOURCES_FOLDER_PATH}/FacebookSDKStrings.bundle",
				"${TARGET_BUILD_DIR}/${UNLOCALIZED_RESOURCES_FOLDER_PATH}/GoogleMaps.bundle",
				"${TARGET_BUILD_DIR}/${UNLOCALIZED_RESOURCES_FOLDER_PATH}/GoogleSignIn.bundle",
				"${TARGET_BUILD_DIR}/${UNLOCALIZED_RESOURCES_FOLDER_PATH}/TwitterKitResources.bundle",
				"${TARGET_BUILD_DIR}/${UNLOCALIZED_RESOURCES_FOLDER_PATH}/AntDesign.ttf",
				"${TARGET_BUILD_DIR}/${UNLOCALIZED_RESOURCES_FOLDER_PATH}/Entypo.ttf",
				"${TARGET_BUILD_DIR}/${UNLOCALIZED_RESOURCES_FOLDER_PATH}/EvilIcons.ttf",
				"${TARGET_BUILD_DIR}/${UNLOCALIZED_RESOURCES_FOLDER_PATH}/Feather.ttf",
				"${TARGET_BUILD_DIR}/${UNLOCALIZED_RESOURCES_FOLDER_PATH}/FontAwesome.ttf",
				"${TARGET_BUILD_DIR}/${UNLOCALIZED_RESOURCES_FOLDER_PATH}/FontAwesome5_Brands.ttf",
				"${TARGET_BUILD_DIR}/${UNLOCALIZED_RESOURCES_FOLDER_PATH}/FontAwesome5_Regular.ttf",
				"${TARGET_BUILD_DIR}/${UNLOCALIZED_RESOURCES_FOLDER_PATH}/FontAwesome5_Solid.ttf",
				"${TARGET_BUILD_DIR}/${UNLOCALIZED_RESOURCES_FOLDER_PATH}/Fontisto.ttf",
				"${TARGET_BUILD_DIR}/${UNLOCALIZED_RESOURCES_FOLDER_PATH}/Foundation.ttf",
				"${TARGET_BUILD_DIR}/${UNLOCALIZED_RESOURCES_FOLDER_PATH}/Ionicons.ttf",
				"${TARGET_BUILD_DIR}/${UNLOCALIZED_RESOURCES_FOLDER_PATH}/MaterialCommunityIcons.ttf",
				"${TARGET_BUILD_DIR}/${UNLOCALIZED_RESOURCES_FOLDER_PATH}/MaterialIcons.ttf",
				"${TARGET_BUILD_DIR}/${UNLOCALIZED_RESOURCES_FOLDER_PATH}/Octicons.ttf",
				"${TARGET_BUILD_DIR}/${UNLOCALIZED_RESOURCES_FOLDER_PATH}/SimpleLineIcons.ttf",
				"${TARGET_BUILD_DIR}/${UNLOCALIZED_RESOURCES_FOLDER_PATH}/Zocial.ttf",
				"${TARGET_BUILD_DIR}/${UNLOCALIZED_RESOURCES_FOLDER_PATH}/AccessibilityResources.bundle",
			);
			runOnlyForDeploymentPostprocessing = 0;
			shellPath = /bin/sh;
			shellScript = "\"${PODS_ROOT}/Target Support Files/Pods-harmonypay-staging/Pods-harmonypay-staging-resources.sh\"\n";
			showEnvVarsInLog = 0;
		};
		363F6B2B264E59C200880288 /* Start Packager */ = {
			isa = PBXShellScriptBuildPhase;
			buildActionMask = 2147483647;
			files = (
			);
			inputFileListPaths = (
			);
			inputPaths = (
			);
			name = "Start Packager";
			outputFileListPaths = (
			);
			outputPaths = (
			);
			runOnlyForDeploymentPostprocessing = 0;
			shellPath = /bin/sh;
			shellScript = "export RCT_METRO_PORT=\"${RCT_METRO_PORT:=8081}\"\necho \"export RCT_METRO_PORT=${RCT_METRO_PORT}\" > \"${SRCROOT}/../node_modules/react-native/scripts/.packager.env\"\nif [ -z \"${RCT_NO_LAUNCH_PACKAGER+xxx}\" ] ; then\n  if nc -w 5 -z localhost ${RCT_METRO_PORT} ; then\n    if ! curl -s \"http://localhost:${RCT_METRO_PORT}/status\" | grep -q \"packager-status:running\" ; then\n      echo \"Port ${RCT_METRO_PORT} already in use, packager is either not running or not running correctly\"\n      exit 2\n    fi\n  else\n    open \"$SRCROOT/../node_modules/react-native/scripts/launchPackager.command\" || echo \"Can't start packager automatically\"\n  fi\nfi\n";
			showEnvVarsInLog = 0;
		};
		363F6B3B264E59C200880288 /* Bundle React Native code and images */ = {
			isa = PBXShellScriptBuildPhase;
			buildActionMask = 2147483647;
			files = (
			);
			inputPaths = (
			);
			name = "Bundle React Native code and images";
			outputPaths = (
			);
			runOnlyForDeploymentPostprocessing = 0;
			shellPath = /bin/sh;
			shellScript = "export NODE_BINARY=node\n../node_modules/react-native/scripts/react-native-xcode.sh\n";
		};
		A2D1FAA4D01F2C348E20DB0C /* [CP] Embed Pods Frameworks */ = {
			isa = PBXShellScriptBuildPhase;
			buildActionMask = 2147483647;
			files = (
			);
			inputPaths = (
				"${PODS_ROOT}/Target Support Files/Pods-harmonypay/Pods-harmonypay-frameworks.sh",
				"${PODS_ROOT}/HGTwitterKit/iOS/TwitterKit.framework",
				"${PODS_ROOT}/TwitterCore/iOS/TwitterCore.framework",
				"${PODS_XCFRAMEWORKS_BUILD_DIR}/OpenSSL/OpenSSL.framework/OpenSSL",
			);
			name = "[CP] Embed Pods Frameworks";
			outputPaths = (
				"${TARGET_BUILD_DIR}/${FRAMEWORKS_FOLDER_PATH}/TwitterKit.framework",
				"${TARGET_BUILD_DIR}/${FRAMEWORKS_FOLDER_PATH}/TwitterCore.framework",
				"${TARGET_BUILD_DIR}/${FRAMEWORKS_FOLDER_PATH}/OpenSSL.framework",
			);
			runOnlyForDeploymentPostprocessing = 0;
			shellPath = /bin/sh;
			shellScript = "\"${PODS_ROOT}/Target Support Files/Pods-harmonypay/Pods-harmonypay-frameworks.sh\"\n";
			showEnvVarsInLog = 0;
		};
		BE3E90A25D793FAEA1C8A13A /* [CP] Embed Pods Frameworks */ = {
			isa = PBXShellScriptBuildPhase;
			buildActionMask = 2147483647;
			files = (
			);
			inputPaths = (
				"${PODS_ROOT}/Target Support Files/Pods-harmonypay-staging/Pods-harmonypay-staging-frameworks.sh",
				"${PODS_ROOT}/HGTwitterKit/iOS/TwitterKit.framework",
				"${PODS_ROOT}/TwitterCore/iOS/TwitterCore.framework",
				"${PODS_XCFRAMEWORKS_BUILD_DIR}/OpenSSL/OpenSSL.framework/OpenSSL",
			);
			name = "[CP] Embed Pods Frameworks";
			outputPaths = (
				"${TARGET_BUILD_DIR}/${FRAMEWORKS_FOLDER_PATH}/TwitterKit.framework",
				"${TARGET_BUILD_DIR}/${FRAMEWORKS_FOLDER_PATH}/TwitterCore.framework",
				"${TARGET_BUILD_DIR}/${FRAMEWORKS_FOLDER_PATH}/OpenSSL.framework",
			);
			runOnlyForDeploymentPostprocessing = 0;
			shellPath = /bin/sh;
			shellScript = "\"${PODS_ROOT}/Target Support Files/Pods-harmonypay-staging/Pods-harmonypay-staging-frameworks.sh\"\n";
			showEnvVarsInLog = 0;
		};
		C3E2B435A78C83DE219FAFE0 /* [CP] Check Pods Manifest.lock */ = {
			isa = PBXShellScriptBuildPhase;
			buildActionMask = 2147483647;
			files = (
			);
			inputFileListPaths = (
			);
			inputPaths = (
				"${PODS_PODFILE_DIR_PATH}/Podfile.lock",
				"${PODS_ROOT}/Manifest.lock",
			);
			name = "[CP] Check Pods Manifest.lock";
			outputFileListPaths = (
			);
			outputPaths = (
				"$(DERIVED_FILE_DIR)/Pods-harmonypay-staging-checkManifestLockResult.txt",
			);
			runOnlyForDeploymentPostprocessing = 0;
			shellPath = /bin/sh;
			shellScript = "diff \"${PODS_PODFILE_DIR_PATH}/Podfile.lock\" \"${PODS_ROOT}/Manifest.lock\" > /dev/null\nif [ $? != 0 ] ; then\n    # print error to STDERR\n    echo \"error: The sandbox is not in sync with the Podfile.lock. Run 'pod install' or update your CocoaPods installation.\" >&2\n    exit 1\nfi\n# This output is used by Xcode 'outputs' to avoid re-running this script phase.\necho \"SUCCESS\" > \"${SCRIPT_OUTPUT_FILE_0}\"\n";
			showEnvVarsInLog = 0;
		};
		DE8A180909E3C9568EDF16E5 /* [CP] Check Pods Manifest.lock */ = {
			isa = PBXShellScriptBuildPhase;
			buildActionMask = 2147483647;
			files = (
			);
			inputFileListPaths = (
			);
			inputPaths = (
				"${PODS_PODFILE_DIR_PATH}/Podfile.lock",
				"${PODS_ROOT}/Manifest.lock",
			);
			name = "[CP] Check Pods Manifest.lock";
			outputFileListPaths = (
			);
			outputPaths = (
				"$(DERIVED_FILE_DIR)/Pods-harmonypay-checkManifestLockResult.txt",
			);
			runOnlyForDeploymentPostprocessing = 0;
			shellPath = /bin/sh;
			shellScript = "diff \"${PODS_PODFILE_DIR_PATH}/Podfile.lock\" \"${PODS_ROOT}/Manifest.lock\" > /dev/null\nif [ $? != 0 ] ; then\n    # print error to STDERR\n    echo \"error: The sandbox is not in sync with the Podfile.lock. Run 'pod install' or update your CocoaPods installation.\" >&2\n    exit 1\nfi\n# This output is used by Xcode 'outputs' to avoid re-running this script phase.\necho \"SUCCESS\" > \"${SCRIPT_OUTPUT_FILE_0}\"\n";
			showEnvVarsInLog = 0;
		};
		F1A72C332625BEB655BE12A4 /* [CP] Copy Pods Resources */ = {
			isa = PBXShellScriptBuildPhase;
			buildActionMask = 2147483647;
			files = (
			);
			inputPaths = (
				"${PODS_ROOT}/Target Support Files/Pods-harmonypay/Pods-harmonypay-resources.sh",
				"${PODS_ROOT}/FBSDKCoreKit/FacebookSDKStrings.bundle",
				"${PODS_ROOT}/GoogleMaps/Maps/Frameworks/GoogleMaps.framework/Resources/GoogleMaps.bundle",
				"${PODS_ROOT}/GoogleSignIn/Resources/GoogleSignIn.bundle",
				"${PODS_ROOT}/HGTwitterKit/iOS/TwitterKit.framework/TwitterKitResources.bundle",
				"${PODS_ROOT}/../../node_modules/react-native-vector-icons/Fonts/AntDesign.ttf",
				"${PODS_ROOT}/../../node_modules/react-native-vector-icons/Fonts/Entypo.ttf",
				"${PODS_ROOT}/../../node_modules/react-native-vector-icons/Fonts/EvilIcons.ttf",
				"${PODS_ROOT}/../../node_modules/react-native-vector-icons/Fonts/Feather.ttf",
				"${PODS_ROOT}/../../node_modules/react-native-vector-icons/Fonts/FontAwesome.ttf",
				"${PODS_ROOT}/../../node_modules/react-native-vector-icons/Fonts/FontAwesome5_Brands.ttf",
				"${PODS_ROOT}/../../node_modules/react-native-vector-icons/Fonts/FontAwesome5_Regular.ttf",
				"${PODS_ROOT}/../../node_modules/react-native-vector-icons/Fonts/FontAwesome5_Solid.ttf",
				"${PODS_ROOT}/../../node_modules/react-native-vector-icons/Fonts/Fontisto.ttf",
				"${PODS_ROOT}/../../node_modules/react-native-vector-icons/Fonts/Foundation.ttf",
				"${PODS_ROOT}/../../node_modules/react-native-vector-icons/Fonts/Ionicons.ttf",
				"${PODS_ROOT}/../../node_modules/react-native-vector-icons/Fonts/MaterialCommunityIcons.ttf",
				"${PODS_ROOT}/../../node_modules/react-native-vector-icons/Fonts/MaterialIcons.ttf",
				"${PODS_ROOT}/../../node_modules/react-native-vector-icons/Fonts/Octicons.ttf",
				"${PODS_ROOT}/../../node_modules/react-native-vector-icons/Fonts/SimpleLineIcons.ttf",
				"${PODS_ROOT}/../../node_modules/react-native-vector-icons/Fonts/Zocial.ttf",
				"${PODS_CONFIGURATION_BUILD_DIR}/React-Core/AccessibilityResources.bundle",
			);
			name = "[CP] Copy Pods Resources";
			outputPaths = (
				"${TARGET_BUILD_DIR}/${UNLOCALIZED_RESOURCES_FOLDER_PATH}/FacebookSDKStrings.bundle",
				"${TARGET_BUILD_DIR}/${UNLOCALIZED_RESOURCES_FOLDER_PATH}/GoogleMaps.bundle",
				"${TARGET_BUILD_DIR}/${UNLOCALIZED_RESOURCES_FOLDER_PATH}/GoogleSignIn.bundle",
				"${TARGET_BUILD_DIR}/${UNLOCALIZED_RESOURCES_FOLDER_PATH}/TwitterKitResources.bundle",
				"${TARGET_BUILD_DIR}/${UNLOCALIZED_RESOURCES_FOLDER_PATH}/AntDesign.ttf",
				"${TARGET_BUILD_DIR}/${UNLOCALIZED_RESOURCES_FOLDER_PATH}/Entypo.ttf",
				"${TARGET_BUILD_DIR}/${UNLOCALIZED_RESOURCES_FOLDER_PATH}/EvilIcons.ttf",
				"${TARGET_BUILD_DIR}/${UNLOCALIZED_RESOURCES_FOLDER_PATH}/Feather.ttf",
				"${TARGET_BUILD_DIR}/${UNLOCALIZED_RESOURCES_FOLDER_PATH}/FontAwesome.ttf",
				"${TARGET_BUILD_DIR}/${UNLOCALIZED_RESOURCES_FOLDER_PATH}/FontAwesome5_Brands.ttf",
				"${TARGET_BUILD_DIR}/${UNLOCALIZED_RESOURCES_FOLDER_PATH}/FontAwesome5_Regular.ttf",
				"${TARGET_BUILD_DIR}/${UNLOCALIZED_RESOURCES_FOLDER_PATH}/FontAwesome5_Solid.ttf",
				"${TARGET_BUILD_DIR}/${UNLOCALIZED_RESOURCES_FOLDER_PATH}/Fontisto.ttf",
				"${TARGET_BUILD_DIR}/${UNLOCALIZED_RESOURCES_FOLDER_PATH}/Foundation.ttf",
				"${TARGET_BUILD_DIR}/${UNLOCALIZED_RESOURCES_FOLDER_PATH}/Ionicons.ttf",
				"${TARGET_BUILD_DIR}/${UNLOCALIZED_RESOURCES_FOLDER_PATH}/MaterialCommunityIcons.ttf",
				"${TARGET_BUILD_DIR}/${UNLOCALIZED_RESOURCES_FOLDER_PATH}/MaterialIcons.ttf",
				"${TARGET_BUILD_DIR}/${UNLOCALIZED_RESOURCES_FOLDER_PATH}/Octicons.ttf",
				"${TARGET_BUILD_DIR}/${UNLOCALIZED_RESOURCES_FOLDER_PATH}/SimpleLineIcons.ttf",
				"${TARGET_BUILD_DIR}/${UNLOCALIZED_RESOURCES_FOLDER_PATH}/Zocial.ttf",
				"${TARGET_BUILD_DIR}/${UNLOCALIZED_RESOURCES_FOLDER_PATH}/AccessibilityResources.bundle",
			);
			runOnlyForDeploymentPostprocessing = 0;
			shellPath = /bin/sh;
			shellScript = "\"${PODS_ROOT}/Target Support Files/Pods-harmonypay/Pods-harmonypay-resources.sh\"\n";
			showEnvVarsInLog = 0;
		};
		FD10A7F022414F080027D42C /* Start Packager */ = {
			isa = PBXShellScriptBuildPhase;
			buildActionMask = 2147483647;
			files = (
			);
			inputFileListPaths = (
			);
			inputPaths = (
			);
			name = "Start Packager";
			outputFileListPaths = (
			);
			outputPaths = (
			);
			runOnlyForDeploymentPostprocessing = 0;
			shellPath = /bin/sh;
			shellScript = "export RCT_METRO_PORT=\"${RCT_METRO_PORT:=8081}\"\necho \"export RCT_METRO_PORT=${RCT_METRO_PORT}\" > \"${SRCROOT}/../node_modules/react-native/scripts/.packager.env\"\nif [ -z \"${RCT_NO_LAUNCH_PACKAGER+xxx}\" ] ; then\n  if nc -w 5 -z localhost ${RCT_METRO_PORT} ; then\n    if ! curl -s \"http://localhost:${RCT_METRO_PORT}/status\" | grep -q \"packager-status:running\" ; then\n      echo \"Port ${RCT_METRO_PORT} already in use, packager is either not running or not running correctly\"\n      exit 2\n    fi\n  else\n    open \"$SRCROOT/../node_modules/react-native/scripts/launchPackager.command\" || echo \"Can't start packager automatically\"\n  fi\nfi\n";
			showEnvVarsInLog = 0;
		};
/* End PBXShellScriptBuildPhase section */

/* Begin PBXSourcesBuildPhase section */
		13B07F871A680F5B00A75B9A /* Sources */ = {
			isa = PBXSourcesBuildPhase;
			buildActionMask = 2147483647;
			files = (
				13B07FBC1A68108700A75B9A /* AppDelegate.m in Sources */,
				36D5B5EB2641BD5B00973CC5 /* File.swift in Sources */,
				13B07FC11A68108700A75B9A /* main.m in Sources */,
			);
			runOnlyForDeploymentPostprocessing = 0;
		};
		363F6B2C264E59C200880288 /* Sources */ = {
			isa = PBXSourcesBuildPhase;
			buildActionMask = 2147483647;
			files = (
				363F6B2D264E59C200880288 /* AppDelegate.m in Sources */,
				363F6B2E264E59C200880288 /* File.swift in Sources */,
				363F6B2F264E59C200880288 /* main.m in Sources */,
			);
			runOnlyForDeploymentPostprocessing = 0;
		};
/* End PBXSourcesBuildPhase section */

/* Begin PBXVariantGroup section */
		13B07FB11A68108700A75B9A /* LaunchScreen.xib */ = {
			isa = PBXVariantGroup;
			children = (
				13B07FB21A68108700A75B9A /* Base */,
			);
			name = LaunchScreen.xib;
			path = harmonypay;
			sourceTree = "<group>";
		};
/* End PBXVariantGroup section */

/* Begin XCBuildConfiguration section */
		13B07F941A680F5B00A75B9A /* Debug */ = {
			isa = XCBuildConfiguration;
			baseConfigurationReference = 55B2DC41C456FA9C4C7E5776 /* Pods-harmonypay.debug.xcconfig */;
			buildSettings = {
				ASSETCATALOG_COMPILER_APPICON_NAME = AppIcon;
				CLANG_ENABLE_MODULES = YES;
				CLANG_USE_OPTIMIZATION_PROFILE = NO;
				CODE_SIGN_ENTITLEMENTS = harmonypay/HarmonyPay.entitlements;
				CODE_SIGN_IDENTITY = "Apple Development";
				CODE_SIGN_STYLE = Automatic;
				CURRENT_PROJECT_VERSION = 3;
				DEVELOPMENT_TEAM = 69WQLJ9K8N;
				ENABLE_BITCODE = NO;
				GCC_PREPROCESSOR_DEFINITIONS = (
					"$(inherited)",
					"FB_SONARKIT_ENABLED=1",
				);
				INFOPLIST_FILE = harmonypay/Info.plist;
				LD_RUNPATH_SEARCH_PATHS = "$(inherited) @executable_path/Frameworks";
				LIBRARY_SEARCH_PATHS = (
					"$(inherited)",
					"\"${PODS_CONFIGURATION_BUILD_DIR}/AppAuth\"",
					"\"${PODS_CONFIGURATION_BUILD_DIR}/BVLinearGradient\"",
					"\"${PODS_CONFIGURATION_BUILD_DIR}/Base64\"",
					"\"${PODS_CONFIGURATION_BUILD_DIR}/CocoaAsyncSocket\"",
					"\"${PODS_CONFIGURATION_BUILD_DIR}/CodePush\"",
					"\"${PODS_CONFIGURATION_BUILD_DIR}/DoubleConversion\"",
					"\"${PODS_CONFIGURATION_BUILD_DIR}/FBReactNativeSpec\"",
					"\"${PODS_CONFIGURATION_BUILD_DIR}/FBSDKCoreKit\"",
					"\"${PODS_CONFIGURATION_BUILD_DIR}/FBSDKLoginKit\"",
					"\"${PODS_CONFIGURATION_BUILD_DIR}/FBSDKShareKit\"",
					"\"${PODS_CONFIGURATION_BUILD_DIR}/FirebaseCore\"",
					"\"${PODS_CONFIGURATION_BUILD_DIR}/FirebaseCoreDiagnostics\"",
					"\"${PODS_CONFIGURATION_BUILD_DIR}/FirebaseInstanceID\"",
					"\"${PODS_CONFIGURATION_BUILD_DIR}/FirebaseMessaging\"",
					"\"${PODS_CONFIGURATION_BUILD_DIR}/Flipper\"",
					"\"${PODS_CONFIGURATION_BUILD_DIR}/Flipper-DoubleConversion\"",
					"\"${PODS_CONFIGURATION_BUILD_DIR}/Flipper-Folly\"",
					"\"${PODS_CONFIGURATION_BUILD_DIR}/Flipper-Glog\"",
					"\"${PODS_CONFIGURATION_BUILD_DIR}/Flipper-PeerTalk\"",
					"\"${PODS_CONFIGURATION_BUILD_DIR}/Flipper-RSocket\"",
					"\"${PODS_CONFIGURATION_BUILD_DIR}/FlipperKit\"",
					"\"${PODS_CONFIGURATION_BUILD_DIR}/Folly\"",
					"\"${PODS_CONFIGURATION_BUILD_DIR}/GTMAppAuth\"",
					"\"${PODS_CONFIGURATION_BUILD_DIR}/GTMSessionFetcher\"",
					"\"${PODS_CONFIGURATION_BUILD_DIR}/Google-Maps-iOS-Utils\"",
					"\"${PODS_CONFIGURATION_BUILD_DIR}/GoogleDataTransport\"",
					"\"${PODS_CONFIGURATION_BUILD_DIR}/GoogleDataTransportCCTSupport\"",
					"\"${PODS_CONFIGURATION_BUILD_DIR}/GoogleUtilities\"",
					"\"${PODS_CONFIGURATION_BUILD_DIR}/JWT\"",
					"\"${PODS_CONFIGURATION_BUILD_DIR}/Permission-Camera\"",
					"\"${PODS_CONFIGURATION_BUILD_DIR}/Permission-LocationAlways\"",
					"\"${PODS_CONFIGURATION_BUILD_DIR}/Permission-LocationWhenInUse\"",
					"\"${PODS_CONFIGURATION_BUILD_DIR}/Permission-Notifications\"",
					"\"${PODS_CONFIGURATION_BUILD_DIR}/PromisesObjC\"",
					"\"${PODS_CONFIGURATION_BUILD_DIR}/Protobuf\"",
					"\"${PODS_CONFIGURATION_BUILD_DIR}/RCTTypeSafety\"",
					"\"${PODS_CONFIGURATION_BUILD_DIR}/RNAppleAuthentication\"",
					"\"${PODS_CONFIGURATION_BUILD_DIR}/RNCAsyncStorage\"",
					"\"${PODS_CONFIGURATION_BUILD_DIR}/RNCCheckbox\"",
					"\"${PODS_CONFIGURATION_BUILD_DIR}/RNCMaskedView\"",
					"\"${PODS_CONFIGURATION_BUILD_DIR}/RNCPushNotificationIOS\"",
					"\"${PODS_CONFIGURATION_BUILD_DIR}/RNDateTimePicker\"",
					"\"${PODS_CONFIGURATION_BUILD_DIR}/RNDeviceInfo\"",
					"\"${PODS_CONFIGURATION_BUILD_DIR}/RNFastImage\"",
					"\"${PODS_CONFIGURATION_BUILD_DIR}/RNFirebase\"",
					"\"${PODS_CONFIGURATION_BUILD_DIR}/RNGestureHandler\"",
					"\"${PODS_CONFIGURATION_BUILD_DIR}/RNGoogleSignin\"",
					"\"${PODS_CONFIGURATION_BUILD_DIR}/RNPermissions\"",
					"\"${PODS_CONFIGURATION_BUILD_DIR}/RNReanimated\"",
					"\"${PODS_CONFIGURATION_BUILD_DIR}/RNSVG\"",
					"\"${PODS_CONFIGURATION_BUILD_DIR}/RNScreens\"",
					"\"${PODS_CONFIGURATION_BUILD_DIR}/RNVectorIcons\"",
					"\"${PODS_CONFIGURATION_BUILD_DIR}/React-Core\"",
					"\"${PODS_CONFIGURATION_BUILD_DIR}/React-CoreModules\"",
					"\"${PODS_CONFIGURATION_BUILD_DIR}/React-RCTAnimation\"",
					"\"${PODS_CONFIGURATION_BUILD_DIR}/React-RCTBlob\"",
					"\"${PODS_CONFIGURATION_BUILD_DIR}/React-RCTImage\"",
					"\"${PODS_CONFIGURATION_BUILD_DIR}/React-RCTLinking\"",
					"\"${PODS_CONFIGURATION_BUILD_DIR}/React-RCTNetwork\"",
					"\"${PODS_CONFIGURATION_BUILD_DIR}/React-RCTSettings\"",
					"\"${PODS_CONFIGURATION_BUILD_DIR}/React-RCTText\"",
					"\"${PODS_CONFIGURATION_BUILD_DIR}/React-RCTVibration\"",
					"\"${PODS_CONFIGURATION_BUILD_DIR}/React-cxxreact\"",
					"\"${PODS_CONFIGURATION_BUILD_DIR}/React-jsi\"",
					"\"${PODS_CONFIGURATION_BUILD_DIR}/React-jsiexecutor\"",
					"\"${PODS_CONFIGURATION_BUILD_DIR}/React-jsinspector\"",
					"\"${PODS_CONFIGURATION_BUILD_DIR}/ReactCommon\"",
					"\"${PODS_CONFIGURATION_BUILD_DIR}/SDWebImage\"",
					"\"${PODS_CONFIGURATION_BUILD_DIR}/SDWebImageWebPCoder\"",
					"\"${PODS_CONFIGURATION_BUILD_DIR}/SSZipArchive\"",
					"\"${PODS_CONFIGURATION_BUILD_DIR}/TouchID\"",
					"\"${PODS_CONFIGURATION_BUILD_DIR}/Yoga\"",
					"\"${PODS_CONFIGURATION_BUILD_DIR}/YogaKit\"",
					"\"${PODS_CONFIGURATION_BUILD_DIR}/glog\"",
					"\"${PODS_CONFIGURATION_BUILD_DIR}/libwebp\"",
					"\"${PODS_CONFIGURATION_BUILD_DIR}/lottie-ios\"",
					"\"${PODS_CONFIGURATION_BUILD_DIR}/lottie-react-native\"",
					"\"${PODS_CONFIGURATION_BUILD_DIR}/nanopb\"",
					"\"${PODS_CONFIGURATION_BUILD_DIR}/react-native-camera\"",
					"\"${PODS_CONFIGURATION_BUILD_DIR}/react-native-contacts\"",
					"\"${PODS_CONFIGURATION_BUILD_DIR}/react-native-fbsdk\"",
					"\"${PODS_CONFIGURATION_BUILD_DIR}/react-native-geocoder\"",
					"\"${PODS_CONFIGURATION_BUILD_DIR}/react-native-geolocation\"",
					"\"${PODS_CONFIGURATION_BUILD_DIR}/react-native-google-maps\"",
					"\"${PODS_CONFIGURATION_BUILD_DIR}/react-native-image-picker\"",
					"\"${PODS_CONFIGURATION_BUILD_DIR}/react-native-image-resizer\"",
					"\"${PODS_CONFIGURATION_BUILD_DIR}/react-native-maps\"",
					"\"${PODS_CONFIGURATION_BUILD_DIR}/react-native-safe-area-context\"",
					"\"${PODS_CONFIGURATION_BUILD_DIR}/react-native-splash-screen\"",
					"\"${PODS_CONFIGURATION_BUILD_DIR}/react-native-twitter-signin\"",
					"\"${PODS_CONFIGURATION_BUILD_DIR}/react-native-viewpager\"",
					"\"${PODS_CONFIGURATION_BUILD_DIR}/toolbar-android\"",
					"\"${PODS_ROOT}/CocoaLibEvent/lib\"",
					"\"${PODS_ROOT}/OpenSSL-Universal/ios/lib\"",
				);
				MARKETING_VERSION = 3.9.7;
				OTHER_LDFLAGS = (
					"$(inherited)",
					"-ObjC",
					"-lc++",
				);
				PRODUCT_BUNDLE_IDENTIFIER = com.harmonypayment.consumer;
				PRODUCT_NAME = "Harmony Pay";
				PROVISIONING_PROFILE_SPECIFIER = "";
				SWIFT_OBJC_BRIDGING_HEADER = "harmonypay-Bridging-Header.h";
				SWIFT_OPTIMIZATION_LEVEL = "-Onone";
				SWIFT_VERSION = 5.0;
				VERSIONING_SYSTEM = "apple-generic";
			};
			name = Debug;
		};
		13B07F951A680F5B00A75B9A /* Release */ = {
			isa = XCBuildConfiguration;
			baseConfigurationReference = 079550AE9F71BFDA3978DE87 /* Pods-harmonypay.release.xcconfig */;
			buildSettings = {
				ASSETCATALOG_COMPILER_APPICON_NAME = AppIcon;
				CLANG_ENABLE_MODULES = YES;
				CLANG_USE_OPTIMIZATION_PROFILE = NO;
				CODE_SIGN_ENTITLEMENTS = harmonypay/HarmonyPay.entitlements;
				CODE_SIGN_IDENTITY = "iPhone Distribution";
				CODE_SIGN_STYLE = Manual;
				CURRENT_PROJECT_VERSION = 3;
				DEVELOPMENT_TEAM = 69WQLJ9K8N;
				INFOPLIST_FILE = harmonypay/Info.plist;
				LD_RUNPATH_SEARCH_PATHS = "$(inherited) @executable_path/Frameworks";
				LIBRARY_SEARCH_PATHS = (
					"$(inherited)",
					"\"${PODS_CONFIGURATION_BUILD_DIR}/AppAuth\"",
					"\"${PODS_CONFIGURATION_BUILD_DIR}/BVLinearGradient\"",
					"\"${PODS_CONFIGURATION_BUILD_DIR}/Base64\"",
					"\"${PODS_CONFIGURATION_BUILD_DIR}/CocoaAsyncSocket\"",
					"\"${PODS_CONFIGURATION_BUILD_DIR}/CodePush\"",
					"\"${PODS_CONFIGURATION_BUILD_DIR}/DoubleConversion\"",
					"\"${PODS_CONFIGURATION_BUILD_DIR}/FBReactNativeSpec\"",
					"\"${PODS_CONFIGURATION_BUILD_DIR}/FBSDKCoreKit\"",
					"\"${PODS_CONFIGURATION_BUILD_DIR}/FBSDKLoginKit\"",
					"\"${PODS_CONFIGURATION_BUILD_DIR}/FBSDKShareKit\"",
					"\"${PODS_CONFIGURATION_BUILD_DIR}/FirebaseCore\"",
					"\"${PODS_CONFIGURATION_BUILD_DIR}/FirebaseCoreDiagnostics\"",
					"\"${PODS_CONFIGURATION_BUILD_DIR}/FirebaseInstanceID\"",
					"\"${PODS_CONFIGURATION_BUILD_DIR}/FirebaseMessaging\"",
					"\"${PODS_CONFIGURATION_BUILD_DIR}/Folly\"",
					"\"${PODS_CONFIGURATION_BUILD_DIR}/GTMAppAuth\"",
					"\"${PODS_CONFIGURATION_BUILD_DIR}/GTMSessionFetcher\"",
					"\"${PODS_CONFIGURATION_BUILD_DIR}/Google-Maps-iOS-Utils\"",
					"\"${PODS_CONFIGURATION_BUILD_DIR}/GoogleDataTransport\"",
					"\"${PODS_CONFIGURATION_BUILD_DIR}/GoogleDataTransportCCTSupport\"",
					"\"${PODS_CONFIGURATION_BUILD_DIR}/GoogleUtilities\"",
					"\"${PODS_CONFIGURATION_BUILD_DIR}/JWT\"",
					"\"${PODS_CONFIGURATION_BUILD_DIR}/Permission-Camera\"",
					"\"${PODS_CONFIGURATION_BUILD_DIR}/Permission-LocationAlways\"",
					"\"${PODS_CONFIGURATION_BUILD_DIR}/Permission-LocationWhenInUse\"",
					"\"${PODS_CONFIGURATION_BUILD_DIR}/Permission-Notifications\"",
					"\"${PODS_CONFIGURATION_BUILD_DIR}/PromisesObjC\"",
					"\"${PODS_CONFIGURATION_BUILD_DIR}/Protobuf\"",
					"\"${PODS_CONFIGURATION_BUILD_DIR}/RCTTypeSafety\"",
					"\"${PODS_CONFIGURATION_BUILD_DIR}/RNAppleAuthentication\"",
					"\"${PODS_CONFIGURATION_BUILD_DIR}/RNCAsyncStorage\"",
					"\"${PODS_CONFIGURATION_BUILD_DIR}/RNCCheckbox\"",
					"\"${PODS_CONFIGURATION_BUILD_DIR}/RNCMaskedView\"",
					"\"${PODS_CONFIGURATION_BUILD_DIR}/RNCPushNotificationIOS\"",
					"\"${PODS_CONFIGURATION_BUILD_DIR}/RNDateTimePicker\"",
					"\"${PODS_CONFIGURATION_BUILD_DIR}/RNDeviceInfo\"",
					"\"${PODS_CONFIGURATION_BUILD_DIR}/RNFastImage\"",
					"\"${PODS_CONFIGURATION_BUILD_DIR}/RNFirebase\"",
					"\"${PODS_CONFIGURATION_BUILD_DIR}/RNGestureHandler\"",
					"\"${PODS_CONFIGURATION_BUILD_DIR}/RNGoogleSignin\"",
					"\"${PODS_CONFIGURATION_BUILD_DIR}/RNPermissions\"",
					"\"${PODS_CONFIGURATION_BUILD_DIR}/RNReanimated\"",
					"\"${PODS_CONFIGURATION_BUILD_DIR}/RNSVG\"",
					"\"${PODS_CONFIGURATION_BUILD_DIR}/RNScreens\"",
					"\"${PODS_CONFIGURATION_BUILD_DIR}/RNVectorIcons\"",
					"\"${PODS_CONFIGURATION_BUILD_DIR}/React-Core\"",
					"\"${PODS_CONFIGURATION_BUILD_DIR}/React-CoreModules\"",
					"\"${PODS_CONFIGURATION_BUILD_DIR}/React-RCTAnimation\"",
					"\"${PODS_CONFIGURATION_BUILD_DIR}/React-RCTBlob\"",
					"\"${PODS_CONFIGURATION_BUILD_DIR}/React-RCTImage\"",
					"\"${PODS_CONFIGURATION_BUILD_DIR}/React-RCTLinking\"",
					"\"${PODS_CONFIGURATION_BUILD_DIR}/React-RCTNetwork\"",
					"\"${PODS_CONFIGURATION_BUILD_DIR}/React-RCTSettings\"",
					"\"${PODS_CONFIGURATION_BUILD_DIR}/React-RCTText\"",
					"\"${PODS_CONFIGURATION_BUILD_DIR}/React-RCTVibration\"",
					"\"${PODS_CONFIGURATION_BUILD_DIR}/React-cxxreact\"",
					"\"${PODS_CONFIGURATION_BUILD_DIR}/React-jsi\"",
					"\"${PODS_CONFIGURATION_BUILD_DIR}/React-jsiexecutor\"",
					"\"${PODS_CONFIGURATION_BUILD_DIR}/React-jsinspector\"",
					"\"${PODS_CONFIGURATION_BUILD_DIR}/ReactCommon\"",
					"\"${PODS_CONFIGURATION_BUILD_DIR}/SDWebImage\"",
					"\"${PODS_CONFIGURATION_BUILD_DIR}/SDWebImageWebPCoder\"",
					"\"${PODS_CONFIGURATION_BUILD_DIR}/SSZipArchive\"",
					"\"${PODS_CONFIGURATION_BUILD_DIR}/TouchID\"",
					"\"${PODS_CONFIGURATION_BUILD_DIR}/Yoga\"",
					"\"${PODS_CONFIGURATION_BUILD_DIR}/YogaKit\"",
					"\"${PODS_CONFIGURATION_BUILD_DIR}/glog\"",
					"\"${PODS_CONFIGURATION_BUILD_DIR}/libwebp\"",
					"\"${PODS_CONFIGURATION_BUILD_DIR}/lottie-ios\"",
					"\"${PODS_CONFIGURATION_BUILD_DIR}/lottie-react-native\"",
					"\"${PODS_CONFIGURATION_BUILD_DIR}/nanopb\"",
					"\"${PODS_CONFIGURATION_BUILD_DIR}/react-native-camera\"",
					"\"${PODS_CONFIGURATION_BUILD_DIR}/react-native-contacts\"",
					"\"${PODS_CONFIGURATION_BUILD_DIR}/react-native-fbsdk\"",
					"\"${PODS_CONFIGURATION_BUILD_DIR}/react-native-geocoder\"",
					"\"${PODS_CONFIGURATION_BUILD_DIR}/react-native-geolocation\"",
					"\"${PODS_CONFIGURATION_BUILD_DIR}/react-native-google-maps\"",
					"\"${PODS_CONFIGURATION_BUILD_DIR}/react-native-image-picker\"",
					"\"${PODS_CONFIGURATION_BUILD_DIR}/react-native-image-resizer\"",
					"\"${PODS_CONFIGURATION_BUILD_DIR}/react-native-maps\"",
					"\"${PODS_CONFIGURATION_BUILD_DIR}/react-native-safe-area-context\"",
					"\"${PODS_CONFIGURATION_BUILD_DIR}/react-native-splash-screen\"",
					"\"${PODS_CONFIGURATION_BUILD_DIR}/react-native-twitter-signin\"",
					"\"${PODS_CONFIGURATION_BUILD_DIR}/react-native-viewpager\"",
					"\"${PODS_CONFIGURATION_BUILD_DIR}/toolbar-android\"",
					"\"${PODS_ROOT}/CocoaLibEvent/lib\"",
					"\"${PODS_ROOT}/OpenSSL-Universal/ios/lib\"",
				);
				MARKETING_VERSION = 3.9.7;
				OTHER_LDFLAGS = (
					"$(inherited)",
					"-ObjC",
					"-lc++",
				);
				PRODUCT_BUNDLE_IDENTIFIER = com.harmonypayment.consumer;
				PRODUCT_NAME = "Harmony Pay";
				PROVISIONING_PROFILE_SPECIFIER = HarmonyConsumerHP;
				SWIFT_OBJC_BRIDGING_HEADER = "harmonypay-Bridging-Header.h";
				SWIFT_VERSION = 5.0;
				VERSIONING_SYSTEM = "apple-generic";
			};
			name = Release;
		};
		363F6B3F264E59C200880288 /* Debug */ = {
			isa = XCBuildConfiguration;
			baseConfigurationReference = BFE773945848DC4CF7F897B9 /* Pods-harmonypay-staging.debug.xcconfig */;
			buildSettings = {
				ASSETCATALOG_COMPILER_APPICON_NAME = AppIcon;
				CLANG_ENABLE_MODULES = YES;
				CLANG_USE_OPTIMIZATION_PROFILE = NO;
				CODE_SIGN_ENTITLEMENTS = harmonypay/HarmonyPay.entitlements;
				CODE_SIGN_IDENTITY = "Apple Development";
				CODE_SIGN_STYLE = Automatic;
				CURRENT_PROJECT_VERSION = 5;
				DEVELOPMENT_ASSET_PATHS = "";
				DEVELOPMENT_TEAM = "";
				ENABLE_BITCODE = NO;
				GCC_PREPROCESSOR_DEFINITIONS = (
					"$(inherited)",
					"FB_SONARKIT_ENABLED=1",
				);
				INFOPLIST_FILE = "$(SRCROOT)/harmonypay/staging/Info.plist";
				IPHONEOS_DEPLOYMENT_TARGET = 9.0;
				LD_RUNPATH_SEARCH_PATHS = "$(inherited) @executable_path/Frameworks";
				LIBRARY_SEARCH_PATHS = (
					"$(inherited)",
					"\"${PODS_CONFIGURATION_BUILD_DIR}/AppAuth\"",
					"\"${PODS_CONFIGURATION_BUILD_DIR}/BVLinearGradient\"",
					"\"${PODS_CONFIGURATION_BUILD_DIR}/Base64\"",
					"\"${PODS_CONFIGURATION_BUILD_DIR}/CocoaAsyncSocket\"",
					"\"${PODS_CONFIGURATION_BUILD_DIR}/CodePush\"",
					"\"${PODS_CONFIGURATION_BUILD_DIR}/DoubleConversion\"",
					"\"${PODS_CONFIGURATION_BUILD_DIR}/FBReactNativeSpec\"",
					"\"${PODS_CONFIGURATION_BUILD_DIR}/FBSDKCoreKit\"",
					"\"${PODS_CONFIGURATION_BUILD_DIR}/FBSDKLoginKit\"",
					"\"${PODS_CONFIGURATION_BUILD_DIR}/FBSDKShareKit\"",
					"\"${PODS_CONFIGURATION_BUILD_DIR}/FirebaseCore\"",
					"\"${PODS_CONFIGURATION_BUILD_DIR}/FirebaseCoreDiagnostics\"",
					"\"${PODS_CONFIGURATION_BUILD_DIR}/FirebaseInstanceID\"",
					"\"${PODS_CONFIGURATION_BUILD_DIR}/FirebaseMessaging\"",
					"\"${PODS_CONFIGURATION_BUILD_DIR}/Flipper\"",
					"\"${PODS_CONFIGURATION_BUILD_DIR}/Flipper-DoubleConversion\"",
					"\"${PODS_CONFIGURATION_BUILD_DIR}/Flipper-Folly\"",
					"\"${PODS_CONFIGURATION_BUILD_DIR}/Flipper-Glog\"",
					"\"${PODS_CONFIGURATION_BUILD_DIR}/Flipper-PeerTalk\"",
					"\"${PODS_CONFIGURATION_BUILD_DIR}/Flipper-RSocket\"",
					"\"${PODS_CONFIGURATION_BUILD_DIR}/FlipperKit\"",
					"\"${PODS_CONFIGURATION_BUILD_DIR}/Folly\"",
					"\"${PODS_CONFIGURATION_BUILD_DIR}/GTMAppAuth\"",
					"\"${PODS_CONFIGURATION_BUILD_DIR}/GTMSessionFetcher\"",
					"\"${PODS_CONFIGURATION_BUILD_DIR}/Google-Maps-iOS-Utils\"",
					"\"${PODS_CONFIGURATION_BUILD_DIR}/GoogleDataTransport\"",
					"\"${PODS_CONFIGURATION_BUILD_DIR}/GoogleDataTransportCCTSupport\"",
					"\"${PODS_CONFIGURATION_BUILD_DIR}/GoogleUtilities\"",
					"\"${PODS_CONFIGURATION_BUILD_DIR}/JWT\"",
					"\"${PODS_CONFIGURATION_BUILD_DIR}/Permission-Camera\"",
					"\"${PODS_CONFIGURATION_BUILD_DIR}/Permission-LocationAlways\"",
					"\"${PODS_CONFIGURATION_BUILD_DIR}/Permission-LocationWhenInUse\"",
					"\"${PODS_CONFIGURATION_BUILD_DIR}/Permission-Notifications\"",
					"\"${PODS_CONFIGURATION_BUILD_DIR}/PromisesObjC\"",
					"\"${PODS_CONFIGURATION_BUILD_DIR}/Protobuf\"",
					"\"${PODS_CONFIGURATION_BUILD_DIR}/RCTTypeSafety\"",
					"\"${PODS_CONFIGURATION_BUILD_DIR}/RNAppleAuthentication\"",
					"\"${PODS_CONFIGURATION_BUILD_DIR}/RNCAsyncStorage\"",
					"\"${PODS_CONFIGURATION_BUILD_DIR}/RNCCheckbox\"",
					"\"${PODS_CONFIGURATION_BUILD_DIR}/RNCMaskedView\"",
					"\"${PODS_CONFIGURATION_BUILD_DIR}/RNCPushNotificationIOS\"",
					"\"${PODS_CONFIGURATION_BUILD_DIR}/RNDateTimePicker\"",
					"\"${PODS_CONFIGURATION_BUILD_DIR}/RNDeviceInfo\"",
					"\"${PODS_CONFIGURATION_BUILD_DIR}/RNFastImage\"",
					"\"${PODS_CONFIGURATION_BUILD_DIR}/RNFirebase\"",
					"\"${PODS_CONFIGURATION_BUILD_DIR}/RNGestureHandler\"",
					"\"${PODS_CONFIGURATION_BUILD_DIR}/RNGoogleSignin\"",
					"\"${PODS_CONFIGURATION_BUILD_DIR}/RNPermissions\"",
					"\"${PODS_CONFIGURATION_BUILD_DIR}/RNReanimated\"",
					"\"${PODS_CONFIGURATION_BUILD_DIR}/RNSVG\"",
					"\"${PODS_CONFIGURATION_BUILD_DIR}/RNScreens\"",
					"\"${PODS_CONFIGURATION_BUILD_DIR}/RNVectorIcons\"",
					"\"${PODS_CONFIGURATION_BUILD_DIR}/React-Core\"",
					"\"${PODS_CONFIGURATION_BUILD_DIR}/React-CoreModules\"",
					"\"${PODS_CONFIGURATION_BUILD_DIR}/React-RCTAnimation\"",
					"\"${PODS_CONFIGURATION_BUILD_DIR}/React-RCTBlob\"",
					"\"${PODS_CONFIGURATION_BUILD_DIR}/React-RCTImage\"",
					"\"${PODS_CONFIGURATION_BUILD_DIR}/React-RCTLinking\"",
					"\"${PODS_CONFIGURATION_BUILD_DIR}/React-RCTNetwork\"",
					"\"${PODS_CONFIGURATION_BUILD_DIR}/React-RCTSettings\"",
					"\"${PODS_CONFIGURATION_BUILD_DIR}/React-RCTText\"",
					"\"${PODS_CONFIGURATION_BUILD_DIR}/React-RCTVibration\"",
					"\"${PODS_CONFIGURATION_BUILD_DIR}/React-cxxreact\"",
					"\"${PODS_CONFIGURATION_BUILD_DIR}/React-jsi\"",
					"\"${PODS_CONFIGURATION_BUILD_DIR}/React-jsiexecutor\"",
					"\"${PODS_CONFIGURATION_BUILD_DIR}/React-jsinspector\"",
					"\"${PODS_CONFIGURATION_BUILD_DIR}/ReactCommon\"",
					"\"${PODS_CONFIGURATION_BUILD_DIR}/SDWebImage\"",
					"\"${PODS_CONFIGURATION_BUILD_DIR}/SDWebImageWebPCoder\"",
					"\"${PODS_CONFIGURATION_BUILD_DIR}/SSZipArchive\"",
					"\"${PODS_CONFIGURATION_BUILD_DIR}/TouchID\"",
					"\"${PODS_CONFIGURATION_BUILD_DIR}/Yoga\"",
					"\"${PODS_CONFIGURATION_BUILD_DIR}/YogaKit\"",
					"\"${PODS_CONFIGURATION_BUILD_DIR}/glog\"",
					"\"${PODS_CONFIGURATION_BUILD_DIR}/libwebp\"",
					"\"${PODS_CONFIGURATION_BUILD_DIR}/lottie-ios\"",
					"\"${PODS_CONFIGURATION_BUILD_DIR}/lottie-react-native\"",
					"\"${PODS_CONFIGURATION_BUILD_DIR}/nanopb\"",
					"\"${PODS_CONFIGURATION_BUILD_DIR}/react-native-camera\"",
					"\"${PODS_CONFIGURATION_BUILD_DIR}/react-native-contacts\"",
					"\"${PODS_CONFIGURATION_BUILD_DIR}/react-native-fbsdk\"",
					"\"${PODS_CONFIGURATION_BUILD_DIR}/react-native-geocoder\"",
					"\"${PODS_CONFIGURATION_BUILD_DIR}/react-native-geolocation\"",
					"\"${PODS_CONFIGURATION_BUILD_DIR}/react-native-google-maps\"",
					"\"${PODS_CONFIGURATION_BUILD_DIR}/react-native-image-picker\"",
					"\"${PODS_CONFIGURATION_BUILD_DIR}/react-native-image-resizer\"",
					"\"${PODS_CONFIGURATION_BUILD_DIR}/react-native-maps\"",
					"\"${PODS_CONFIGURATION_BUILD_DIR}/react-native-safe-area-context\"",
					"\"${PODS_CONFIGURATION_BUILD_DIR}/react-native-splash-screen\"",
					"\"${PODS_CONFIGURATION_BUILD_DIR}/react-native-twitter-signin\"",
					"\"${PODS_CONFIGURATION_BUILD_DIR}/react-native-viewpager\"",
					"\"${PODS_CONFIGURATION_BUILD_DIR}/toolbar-android\"",
					"\"${PODS_ROOT}/CocoaLibEvent/lib\"",
					"\"${PODS_ROOT}/OpenSSL-Universal/ios/lib\"",
				);
				MARKETING_VERSION = 1.0.3;
				OTHER_LDFLAGS = (
					"$(inherited)",
					"-ObjC",
					"-lc++",
				);
				PRODUCT_BUNDLE_IDENTIFIER = com.harmonypayment.consumer.staging;
				PRODUCT_NAME = "harmonypay-iPad";
				PROVISIONING_PROFILE_SPECIFIER = "";
				SWIFT_OBJC_BRIDGING_HEADER = "harmonypay-Bridging-Header.h";
				SWIFT_OPTIMIZATION_LEVEL = "-Onone";
				SWIFT_VERSION = 5.0;
				TARGETED_DEVICE_FAMILY = 1;
				VERSIONING_SYSTEM = "apple-generic";
			};
			name = Debug;
		};
		363F6B40264E59C200880288 /* Release */ = {
			isa = XCBuildConfiguration;
			baseConfigurationReference = 2E9030BF19452B52B793C32E /* Pods-harmonypay-staging.release.xcconfig */;
			buildSettings = {
				ASSETCATALOG_COMPILER_APPICON_NAME = AppIcon;
				CLANG_ENABLE_MODULES = YES;
				CLANG_USE_OPTIMIZATION_PROFILE = NO;
				CODE_SIGN_ENTITLEMENTS = harmonypay/HarmonyPay.entitlements;
				CODE_SIGN_IDENTITY = "iPhone Distribution";
				CODE_SIGN_STYLE = Manual;
				CURRENT_PROJECT_VERSION = 5;
				DEVELOPMENT_ASSET_PATHS = "";
				DEVELOPMENT_TEAM = 69WQLJ9K8N;
				INFOPLIST_FILE = "$(SRCROOT)/harmonypay/staging/Info.plist";
				IPHONEOS_DEPLOYMENT_TARGET = 9.0;
				LD_RUNPATH_SEARCH_PATHS = "$(inherited) @executable_path/Frameworks";
				LIBRARY_SEARCH_PATHS = (
					"$(inherited)",
					"\"${PODS_CONFIGURATION_BUILD_DIR}/AppAuth\"",
					"\"${PODS_CONFIGURATION_BUILD_DIR}/BVLinearGradient\"",
					"\"${PODS_CONFIGURATION_BUILD_DIR}/Base64\"",
					"\"${PODS_CONFIGURATION_BUILD_DIR}/CocoaAsyncSocket\"",
					"\"${PODS_CONFIGURATION_BUILD_DIR}/CodePush\"",
					"\"${PODS_CONFIGURATION_BUILD_DIR}/DoubleConversion\"",
					"\"${PODS_CONFIGURATION_BUILD_DIR}/FBReactNativeSpec\"",
					"\"${PODS_CONFIGURATION_BUILD_DIR}/FBSDKCoreKit\"",
					"\"${PODS_CONFIGURATION_BUILD_DIR}/FBSDKLoginKit\"",
					"\"${PODS_CONFIGURATION_BUILD_DIR}/FBSDKShareKit\"",
					"\"${PODS_CONFIGURATION_BUILD_DIR}/FirebaseCore\"",
					"\"${PODS_CONFIGURATION_BUILD_DIR}/FirebaseCoreDiagnostics\"",
					"\"${PODS_CONFIGURATION_BUILD_DIR}/FirebaseInstanceID\"",
					"\"${PODS_CONFIGURATION_BUILD_DIR}/FirebaseMessaging\"",
					"\"${PODS_CONFIGURATION_BUILD_DIR}/Folly\"",
					"\"${PODS_CONFIGURATION_BUILD_DIR}/GTMAppAuth\"",
					"\"${PODS_CONFIGURATION_BUILD_DIR}/GTMSessionFetcher\"",
					"\"${PODS_CONFIGURATION_BUILD_DIR}/Google-Maps-iOS-Utils\"",
					"\"${PODS_CONFIGURATION_BUILD_DIR}/GoogleDataTransport\"",
					"\"${PODS_CONFIGURATION_BUILD_DIR}/GoogleDataTransportCCTSupport\"",
					"\"${PODS_CONFIGURATION_BUILD_DIR}/GoogleUtilities\"",
					"\"${PODS_CONFIGURATION_BUILD_DIR}/JWT\"",
					"\"${PODS_CONFIGURATION_BUILD_DIR}/Permission-Camera\"",
					"\"${PODS_CONFIGURATION_BUILD_DIR}/Permission-LocationAlways\"",
					"\"${PODS_CONFIGURATION_BUILD_DIR}/Permission-LocationWhenInUse\"",
					"\"${PODS_CONFIGURATION_BUILD_DIR}/Permission-Notifications\"",
					"\"${PODS_CONFIGURATION_BUILD_DIR}/PromisesObjC\"",
					"\"${PODS_CONFIGURATION_BUILD_DIR}/Protobuf\"",
					"\"${PODS_CONFIGURATION_BUILD_DIR}/RCTTypeSafety\"",
					"\"${PODS_CONFIGURATION_BUILD_DIR}/RNAppleAuthentication\"",
					"\"${PODS_CONFIGURATION_BUILD_DIR}/RNCAsyncStorage\"",
					"\"${PODS_CONFIGURATION_BUILD_DIR}/RNCCheckbox\"",
					"\"${PODS_CONFIGURATION_BUILD_DIR}/RNCMaskedView\"",
					"\"${PODS_CONFIGURATION_BUILD_DIR}/RNCPushNotificationIOS\"",
					"\"${PODS_CONFIGURATION_BUILD_DIR}/RNDateTimePicker\"",
					"\"${PODS_CONFIGURATION_BUILD_DIR}/RNDeviceInfo\"",
					"\"${PODS_CONFIGURATION_BUILD_DIR}/RNFastImage\"",
					"\"${PODS_CONFIGURATION_BUILD_DIR}/RNFirebase\"",
					"\"${PODS_CONFIGURATION_BUILD_DIR}/RNGestureHandler\"",
					"\"${PODS_CONFIGURATION_BUILD_DIR}/RNGoogleSignin\"",
					"\"${PODS_CONFIGURATION_BUILD_DIR}/RNPermissions\"",
					"\"${PODS_CONFIGURATION_BUILD_DIR}/RNReanimated\"",
					"\"${PODS_CONFIGURATION_BUILD_DIR}/RNSVG\"",
					"\"${PODS_CONFIGURATION_BUILD_DIR}/RNScreens\"",
					"\"${PODS_CONFIGURATION_BUILD_DIR}/RNVectorIcons\"",
					"\"${PODS_CONFIGURATION_BUILD_DIR}/React-Core\"",
					"\"${PODS_CONFIGURATION_BUILD_DIR}/React-CoreModules\"",
					"\"${PODS_CONFIGURATION_BUILD_DIR}/React-RCTAnimation\"",
					"\"${PODS_CONFIGURATION_BUILD_DIR}/React-RCTBlob\"",
					"\"${PODS_CONFIGURATION_BUILD_DIR}/React-RCTImage\"",
					"\"${PODS_CONFIGURATION_BUILD_DIR}/React-RCTLinking\"",
					"\"${PODS_CONFIGURATION_BUILD_DIR}/React-RCTNetwork\"",
					"\"${PODS_CONFIGURATION_BUILD_DIR}/React-RCTSettings\"",
					"\"${PODS_CONFIGURATION_BUILD_DIR}/React-RCTText\"",
					"\"${PODS_CONFIGURATION_BUILD_DIR}/React-RCTVibration\"",
					"\"${PODS_CONFIGURATION_BUILD_DIR}/React-cxxreact\"",
					"\"${PODS_CONFIGURATION_BUILD_DIR}/React-jsi\"",
					"\"${PODS_CONFIGURATION_BUILD_DIR}/React-jsiexecutor\"",
					"\"${PODS_CONFIGURATION_BUILD_DIR}/React-jsinspector\"",
					"\"${PODS_CONFIGURATION_BUILD_DIR}/ReactCommon\"",
					"\"${PODS_CONFIGURATION_BUILD_DIR}/SDWebImage\"",
					"\"${PODS_CONFIGURATION_BUILD_DIR}/SDWebImageWebPCoder\"",
					"\"${PODS_CONFIGURATION_BUILD_DIR}/SSZipArchive\"",
					"\"${PODS_CONFIGURATION_BUILD_DIR}/TouchID\"",
					"\"${PODS_CONFIGURATION_BUILD_DIR}/Yoga\"",
					"\"${PODS_CONFIGURATION_BUILD_DIR}/YogaKit\"",
					"\"${PODS_CONFIGURATION_BUILD_DIR}/glog\"",
					"\"${PODS_CONFIGURATION_BUILD_DIR}/libwebp\"",
					"\"${PODS_CONFIGURATION_BUILD_DIR}/lottie-ios\"",
					"\"${PODS_CONFIGURATION_BUILD_DIR}/lottie-react-native\"",
					"\"${PODS_CONFIGURATION_BUILD_DIR}/nanopb\"",
					"\"${PODS_CONFIGURATION_BUILD_DIR}/react-native-camera\"",
					"\"${PODS_CONFIGURATION_BUILD_DIR}/react-native-contacts\"",
					"\"${PODS_CONFIGURATION_BUILD_DIR}/react-native-fbsdk\"",
					"\"${PODS_CONFIGURATION_BUILD_DIR}/react-native-geocoder\"",
					"\"${PODS_CONFIGURATION_BUILD_DIR}/react-native-geolocation\"",
					"\"${PODS_CONFIGURATION_BUILD_DIR}/react-native-google-maps\"",
					"\"${PODS_CONFIGURATION_BUILD_DIR}/react-native-image-picker\"",
					"\"${PODS_CONFIGURATION_BUILD_DIR}/react-native-image-resizer\"",
					"\"${PODS_CONFIGURATION_BUILD_DIR}/react-native-maps\"",
					"\"${PODS_CONFIGURATION_BUILD_DIR}/react-native-safe-area-context\"",
					"\"${PODS_CONFIGURATION_BUILD_DIR}/react-native-splash-screen\"",
					"\"${PODS_CONFIGURATION_BUILD_DIR}/react-native-twitter-signin\"",
					"\"${PODS_CONFIGURATION_BUILD_DIR}/react-native-viewpager\"",
					"\"${PODS_CONFIGURATION_BUILD_DIR}/toolbar-android\"",
					"\"${PODS_ROOT}/CocoaLibEvent/lib\"",
					"\"${PODS_ROOT}/OpenSSL-Universal/ios/lib\"",
				);
				MARKETING_VERSION = 1.0.3;
				OTHER_LDFLAGS = (
					"$(inherited)",
					"-ObjC",
					"-lc++",
				);
				PRODUCT_BUNDLE_IDENTIFIER = com.harmonypayment.consumer.staging;
				PRODUCT_NAME = "harmonypay-iPad";
				PROVISIONING_PROFILE_SPECIFIER = Provisioning_Consumer_Staging;
				SWIFT_OBJC_BRIDGING_HEADER = "harmonypay-Bridging-Header.h";
				SWIFT_VERSION = 5.0;
				TARGETED_DEVICE_FAMILY = 1;
				VERSIONING_SYSTEM = "apple-generic";
			};
			name = Release;
		};
		83CBBA201A601CBA00E9B192 /* Debug */ = {
			isa = XCBuildConfiguration;
			buildSettings = {
				ALWAYS_SEARCH_USER_PATHS = NO;
				CLANG_ANALYZER_LOCALIZABILITY_NONLOCALIZED = YES;
				CLANG_CXX_LANGUAGE_STANDARD = "gnu++0x";
				CLANG_CXX_LIBRARY = "libc++";
				CLANG_ENABLE_MODULES = YES;
				CLANG_ENABLE_OBJC_ARC = YES;
				CLANG_WARN_BLOCK_CAPTURE_AUTORELEASING = YES;
				CLANG_WARN_BOOL_CONVERSION = YES;
				CLANG_WARN_COMMA = YES;
				CLANG_WARN_CONSTANT_CONVERSION = YES;
				CLANG_WARN_DEPRECATED_OBJC_IMPLEMENTATIONS = YES;
				CLANG_WARN_DIRECT_OBJC_ISA_USAGE = YES_ERROR;
				CLANG_WARN_EMPTY_BODY = YES;
				CLANG_WARN_ENUM_CONVERSION = YES;
				CLANG_WARN_INFINITE_RECURSION = YES;
				CLANG_WARN_INT_CONVERSION = YES;
				CLANG_WARN_NON_LITERAL_NULL_CONVERSION = YES;
				CLANG_WARN_OBJC_IMPLICIT_RETAIN_SELF = YES;
				CLANG_WARN_OBJC_LITERAL_CONVERSION = YES;
				CLANG_WARN_OBJC_ROOT_CLASS = YES_ERROR;
				CLANG_WARN_RANGE_LOOP_ANALYSIS = YES;
				CLANG_WARN_STRICT_PROTOTYPES = YES;
				CLANG_WARN_SUSPICIOUS_MOVE = YES;
				CLANG_WARN_UNREACHABLE_CODE = YES;
				CLANG_WARN__DUPLICATE_METHOD_MATCH = YES;
				"CODE_SIGN_IDENTITY[sdk=iphoneos*]" = "iPhone Developer";
				COPY_PHASE_STRIP = NO;
				ENABLE_STRICT_OBJC_MSGSEND = YES;
				ENABLE_TESTABILITY = YES;
				GCC_C_LANGUAGE_STANDARD = gnu99;
				GCC_DYNAMIC_NO_PIC = NO;
				GCC_NO_COMMON_BLOCKS = YES;
				GCC_OPTIMIZATION_LEVEL = 0;
				GCC_PREPROCESSOR_DEFINITIONS = (
					"DEBUG=1",
					"$(inherited)",
				);
				GCC_SYMBOLS_PRIVATE_EXTERN = NO;
				GCC_WARN_64_TO_32_BIT_CONVERSION = YES;
				GCC_WARN_ABOUT_RETURN_TYPE = YES_ERROR;
				GCC_WARN_UNDECLARED_SELECTOR = YES;
				GCC_WARN_UNINITIALIZED_AUTOS = YES_AGGRESSIVE;
				GCC_WARN_UNUSED_FUNCTION = YES;
				GCC_WARN_UNUSED_VARIABLE = YES;
				IPHONEOS_DEPLOYMENT_TARGET = 9.0;
				LD_RUNPATH_SEARCH_PATHS = "/usr/lib/swift $(inherited)";
				LIBRARY_SEARCH_PATHS = (
					"\"$(TOOLCHAIN_DIR)/usr/lib/swift/$(PLATFORM_NAME)\"",
					"\"$(TOOLCHAIN_DIR)/usr/lib/swift-5.0/$(PLATFORM_NAME)\"",
					"\"$(inherited)\"",
				);
				MTL_ENABLE_DEBUG_INFO = YES;
				ONLY_ACTIVE_ARCH = YES;
				SDKROOT = iphoneos;
			};
			name = Debug;
		};
		83CBBA211A601CBA00E9B192 /* Release */ = {
			isa = XCBuildConfiguration;
			buildSettings = {
				ALWAYS_SEARCH_USER_PATHS = NO;
				CLANG_ANALYZER_LOCALIZABILITY_NONLOCALIZED = YES;
				CLANG_CXX_LANGUAGE_STANDARD = "gnu++0x";
				CLANG_CXX_LIBRARY = "libc++";
				CLANG_ENABLE_MODULES = YES;
				CLANG_ENABLE_OBJC_ARC = YES;
				CLANG_WARN_BLOCK_CAPTURE_AUTORELEASING = YES;
				CLANG_WARN_BOOL_CONVERSION = YES;
				CLANG_WARN_COMMA = YES;
				CLANG_WARN_CONSTANT_CONVERSION = YES;
				CLANG_WARN_DEPRECATED_OBJC_IMPLEMENTATIONS = YES;
				CLANG_WARN_DIRECT_OBJC_ISA_USAGE = YES_ERROR;
				CLANG_WARN_EMPTY_BODY = YES;
				CLANG_WARN_ENUM_CONVERSION = YES;
				CLANG_WARN_INFINITE_RECURSION = YES;
				CLANG_WARN_INT_CONVERSION = YES;
				CLANG_WARN_NON_LITERAL_NULL_CONVERSION = YES;
				CLANG_WARN_OBJC_IMPLICIT_RETAIN_SELF = YES;
				CLANG_WARN_OBJC_LITERAL_CONVERSION = YES;
				CLANG_WARN_OBJC_ROOT_CLASS = YES_ERROR;
				CLANG_WARN_RANGE_LOOP_ANALYSIS = YES;
				CLANG_WARN_STRICT_PROTOTYPES = YES;
				CLANG_WARN_SUSPICIOUS_MOVE = YES;
				CLANG_WARN_UNREACHABLE_CODE = YES;
				CLANG_WARN__DUPLICATE_METHOD_MATCH = YES;
				"CODE_SIGN_IDENTITY[sdk=iphoneos*]" = "iPhone Developer";
				COPY_PHASE_STRIP = YES;
				ENABLE_NS_ASSERTIONS = NO;
				ENABLE_STRICT_OBJC_MSGSEND = YES;
				GCC_C_LANGUAGE_STANDARD = gnu99;
				GCC_NO_COMMON_BLOCKS = YES;
				GCC_WARN_64_TO_32_BIT_CONVERSION = YES;
				GCC_WARN_ABOUT_RETURN_TYPE = YES_ERROR;
				GCC_WARN_UNDECLARED_SELECTOR = YES;
				GCC_WARN_UNINITIALIZED_AUTOS = YES_AGGRESSIVE;
				GCC_WARN_UNUSED_FUNCTION = YES;
				GCC_WARN_UNUSED_VARIABLE = YES;
				IPHONEOS_DEPLOYMENT_TARGET = 9.0;
				LD_RUNPATH_SEARCH_PATHS = "/usr/lib/swift $(inherited)";
				LIBRARY_SEARCH_PATHS = (
					"\"$(TOOLCHAIN_DIR)/usr/lib/swift/$(PLATFORM_NAME)\"",
					"\"$(TOOLCHAIN_DIR)/usr/lib/swift-5.0/$(PLATFORM_NAME)\"",
					"\"$(inherited)\"",
				);
				MTL_ENABLE_DEBUG_INFO = NO;
				SDKROOT = iphoneos;
				VALIDATE_PRODUCT = YES;
			};
			name = Release;
		};
/* End XCBuildConfiguration section */

/* Begin XCConfigurationList section */
		13B07F931A680F5B00A75B9A /* Build configuration list for PBXNativeTarget "harmonypay" */ = {
			isa = XCConfigurationList;
			buildConfigurations = (
				13B07F941A680F5B00A75B9A /* Debug */,
				13B07F951A680F5B00A75B9A /* Release */,
			);
			defaultConfigurationIsVisible = 0;
			defaultConfigurationName = Release;
		};
		363F6B3E264E59C200880288 /* Build configuration list for PBXNativeTarget "staging" */ = {
			isa = XCConfigurationList;
			buildConfigurations = (
				363F6B3F264E59C200880288 /* Debug */,
				363F6B40264E59C200880288 /* Release */,
			);
			defaultConfigurationIsVisible = 0;
			defaultConfigurationName = Release;
		};
		83CBB9FA1A601CBA00E9B192 /* Build configuration list for PBXProject "Harmony Pay" */ = {
			isa = XCConfigurationList;
			buildConfigurations = (
				83CBBA201A601CBA00E9B192 /* Debug */,
				83CBBA211A601CBA00E9B192 /* Release */,
			);
			defaultConfigurationIsVisible = 0;
			defaultConfigurationName = Release;
		};
/* End XCConfigurationList section */
	};
	rootObject = 83CBB9F71A601CBA00E9B192 /* Project object */;
}
